// !$*UTF8*$!
{
	archiveVersion = 1;
	classes = {
	};
	objectVersion = 56;
	objects = {

/* Begin PBXBuildFile section */
		ED0646702B5D249E00156B7E /* AdSupport.framework in Frameworks */ = {isa = PBXBuildFile; fileRef = ED06466F2B5D249E00156B7E /* AdSupport.framework */; };
		ED0646722B5D24D600156B7E /* Analytics.swift in Sources */ = {isa = PBXBuildFile; fileRef = ED0646712B5D24D600156B7E /* Analytics.swift */; };
		ED0B337E2AA85F9700F20549 /* SignikaNegative-Bold.ttf in Resources */ = {isa = PBXBuildFile; fileRef = ED0B337D2AA85F9700F20549 /* SignikaNegative-Bold.ttf */; };
		ED138DB62B40233300D03744 /* SignInSheet.swift in Sources */ = {isa = PBXBuildFile; fileRef = ED138DB52B40233300D03744 /* SignInSheet.swift */; };
		ED138DB82B407D1300D03744 /* ItemData.swift in Sources */ = {isa = PBXBuildFile; fileRef = ED138DB72B407D1300D03744 /* ItemData.swift */; };
		ED138DBA2B40805500D03744 /* ItemViewModel.swift in Sources */ = {isa = PBXBuildFile; fileRef = ED138DB92B40805500D03744 /* ItemViewModel.swift */; };
		ED138DBC2B40813D00D03744 /* ItemsManager.swift in Sources */ = {isa = PBXBuildFile; fileRef = ED138DBB2B40813D00D03744 /* ItemsManager.swift */; };
		ED138DBE2B4083AC00D03744 /* Query+EXT.swift in Sources */ = {isa = PBXBuildFile; fileRef = ED138DBD2B4083AC00D03744 /* Query+EXT.swift */; };
		ED1553252A9F930700A74DE7 /* dogAppApp.swift in Sources */ = {isa = PBXBuildFile; fileRef = ED1553242A9F930700A74DE7 /* dogAppApp.swift */; };
		ED1553272A9F930700A74DE7 /* MainView.swift in Sources */ = {isa = PBXBuildFile; fileRef = ED1553262A9F930700A74DE7 /* MainView.swift */; };
		ED1553292A9F930800A74DE7 /* Assets.xcassets in Resources */ = {isa = PBXBuildFile; fileRef = ED1553282A9F930800A74DE7 /* Assets.xcassets */; };
		ED15532C2A9F930800A74DE7 /* Preview Assets.xcassets in Resources */ = {isa = PBXBuildFile; fileRef = ED15532B2A9F930800A74DE7 /* Preview Assets.xcassets */; };
		ED1553362A9F930800A74DE7 /* dogAppTests.swift in Sources */ = {isa = PBXBuildFile; fileRef = ED1553352A9F930800A74DE7 /* dogAppTests.swift */; };
		ED1553402A9F930800A74DE7 /* dogAppUITests.swift in Sources */ = {isa = PBXBuildFile; fileRef = ED15533F2A9F930800A74DE7 /* dogAppUITests.swift */; };
		ED1553422A9F930800A74DE7 /* dogAppUITestsLaunchTests.swift in Sources */ = {isa = PBXBuildFile; fileRef = ED1553412A9F930800A74DE7 /* dogAppUITestsLaunchTests.swift */; };
		ED207B952AAC8848001806FF /* NameGenerator.swift in Sources */ = {isa = PBXBuildFile; fileRef = ED207B942AAC8848001806FF /* NameGenerator.swift */; };
		ED207B972AAC8AD9001806FF /* GetNamesButton.swift in Sources */ = {isa = PBXBuildFile; fileRef = ED207B962AAC8AD9001806FF /* GetNamesButton.swift */; };
		ED207B9A2AADAA76001806FF /* DogNames.swift in Sources */ = {isa = PBXBuildFile; fileRef = ED207B992AADAA76001806FF /* DogNames.swift */; };
		ED207B9F2AAEE915001806FF /* Switcher.swift in Sources */ = {isa = PBXBuildFile; fileRef = ED207B9E2AAEE915001806FF /* Switcher.swift */; };
		ED207BA32AAF5945001806FF /* SwitcherGroup.swift in Sources */ = {isa = PBXBuildFile; fileRef = ED207BA22AAF5945001806FF /* SwitcherGroup.swift */; };
		ED207BA72AB0B000001806FF /* SmallCard.swift in Sources */ = {isa = PBXBuildFile; fileRef = ED207BA62AB0B000001806FF /* SmallCard.swift */; };
		ED21A2C22B3190B400002B95 /* ProgramSheetOfficeQuiz.swift in Sources */ = {isa = PBXBuildFile; fileRef = ED21A2C12B3190B400002B95 /* ProgramSheetOfficeQuiz.swift */; };
		ED2E6FF62ACDB265005AD232 /* FavoriteButton.swift in Sources */ = {isa = PBXBuildFile; fileRef = ED2E6FF52ACDB265005AD232 /* FavoriteButton.swift */; };
		ED2E70322AD59924005AD232 /* FavoriteItems.swift in Sources */ = {isa = PBXBuildFile; fileRef = ED2E70312AD59924005AD232 /* FavoriteItems.swift */; };
		ED40C9232B0DE7EA0044A575 /* ProgramViewLeash.swift in Sources */ = {isa = PBXBuildFile; fileRef = ED40C9222B0DE7EA0044A575 /* ProgramViewLeash.swift */; };
		ED40C9312B0DEE6E0044A575 /* ProgramSheetLeashQuiz.swift in Sources */ = {isa = PBXBuildFile; fileRef = ED40C9302B0DEE6E0044A575 /* ProgramSheetLeashQuiz.swift */; };
		ED4415432AA1C9910026347C /* NavCard.swift in Sources */ = {isa = PBXBuildFile; fileRef = ED4415422AA1C9910026347C /* NavCard.swift */; };
		ED4415502AA33E390026347C /* ArticleViewPuppyBuy.swift in Sources */ = {isa = PBXBuildFile; fileRef = ED44154F2AA33E390026347C /* ArticleViewPuppyBuy.swift */; };
		ED49C3002AA7745A004ED7A0 /* ArticleViewOldTraining.swift in Sources */ = {isa = PBXBuildFile; fileRef = ED49C2FF2AA7745A004ED7A0 /* ArticleViewOldTraining.swift */; };
		ED4E168C2B3AD5E10067E1E8 /* SignInButtons.swift in Sources */ = {isa = PBXBuildFile; fileRef = ED4E168B2B3AD5E00067E1E8 /* SignInButtons.swift */; };
		ED4E168D2B3AD5E10067E1E8 /* SignInButtons.swift in Sources */ = {isa = PBXBuildFile; fileRef = ED4E168B2B3AD5E00067E1E8 /* SignInButtons.swift */; };
		ED4E168E2B3AD5E10067E1E8 /* SignInButtons.swift in Sources */ = {isa = PBXBuildFile; fileRef = ED4E168B2B3AD5E00067E1E8 /* SignInButtons.swift */; };
		ED4E16902B3B32130067E1E8 /* FavouriteItemData.swift in Sources */ = {isa = PBXBuildFile; fileRef = ED4E168F2B3B32130067E1E8 /* FavouriteItemData.swift */; };
		ED5156DA2B1727E8004F29A1 /* QuizButtonFalse.swift in Sources */ = {isa = PBXBuildFile; fileRef = ED5156D92B1727E8004F29A1 /* QuizButtonFalse.swift */; };
		ED5156DC2B172F2D004F29A1 /* QuizButtonTrue.swift in Sources */ = {isa = PBXBuildFile; fileRef = ED5156DB2B172F2D004F29A1 /* QuizButtonTrue.swift */; };
		ED536C972AA5B39C00E3C415 /* ArticleCard.swift in Sources */ = {isa = PBXBuildFile; fileRef = ED536C962AA5B39C00E3C415 /* ArticleCard.swift */; };
		ED5A6D6F2AE3E75200091C2A /* AboutView.swift in Sources */ = {isa = PBXBuildFile; fileRef = ED5A6D6E2AE3E75200091C2A /* AboutView.swift */; };
		ED5A6D7B2AF0DF5D00091C2A /* ArticleViewGrooming.swift in Sources */ = {isa = PBXBuildFile; fileRef = ED5A6D7A2AF0DF5D00091C2A /* ArticleViewGrooming.swift */; };
		ED63EAF92AC1DE2D00B6BD86 /* ListViewAll.swift in Sources */ = {isa = PBXBuildFile; fileRef = ED63EAF82AC1DE2D00B6BD86 /* ListViewAll.swift */; };
		ED67B7F32B35C9B4007658FB /* FirebaseAnalytics in Frameworks */ = {isa = PBXBuildFile; productRef = ED67B7F22B35C9B4007658FB /* FirebaseAnalytics */; };
		ED67B7F52B35C9B4007658FB /* FirebaseAnalyticsOnDeviceConversion in Frameworks */ = {isa = PBXBuildFile; productRef = ED67B7F42B35C9B4007658FB /* FirebaseAnalyticsOnDeviceConversion */; };
		ED67B7F72B35C9B4007658FB /* FirebaseAnalyticsSwift in Frameworks */ = {isa = PBXBuildFile; productRef = ED67B7F62B35C9B4007658FB /* FirebaseAnalyticsSwift */; };
		ED67B7F92B35C9B4007658FB /* FirebaseAnalyticsWithoutAdIdSupport in Frameworks */ = {isa = PBXBuildFile; productRef = ED67B7F82B35C9B4007658FB /* FirebaseAnalyticsWithoutAdIdSupport */; };
		ED67B7FB2B35C9B4007658FB /* FirebaseAuth in Frameworks */ = {isa = PBXBuildFile; productRef = ED67B7FA2B35C9B4007658FB /* FirebaseAuth */; };
		ED67B7FD2B35C9B4007658FB /* FirebaseDatabase in Frameworks */ = {isa = PBXBuildFile; productRef = ED67B7FC2B35C9B4007658FB /* FirebaseDatabase */; };
		ED67B7FF2B35C9B4007658FB /* FirebaseDatabaseSwift in Frameworks */ = {isa = PBXBuildFile; productRef = ED67B7FE2B35C9B4007658FB /* FirebaseDatabaseSwift */; };
		ED67B8012B35C9B4007658FB /* FirebaseFirestore in Frameworks */ = {isa = PBXBuildFile; productRef = ED67B8002B35C9B4007658FB /* FirebaseFirestore */; };
		ED67B8032B35C9B4007658FB /* FirebaseFirestoreSwift in Frameworks */ = {isa = PBXBuildFile; productRef = ED67B8022B35C9B4007658FB /* FirebaseFirestoreSwift */; };
		ED67B8052B35C9B4007658FB /* FirebaseStorage in Frameworks */ = {isa = PBXBuildFile; productRef = ED67B8042B35C9B4007658FB /* FirebaseStorage */; };
		ED67B8082B35CC86007658FB /* GoogleService-Info.plist in Resources */ = {isa = PBXBuildFile; fileRef = ED67B8072B35CC86007658FB /* GoogleService-Info.plist */; };
		ED67B8092B35CC86007658FB /* GoogleService-Info.plist in Resources */ = {isa = PBXBuildFile; fileRef = ED67B8072B35CC86007658FB /* GoogleService-Info.plist */; };
		ED67B80A2B35CC86007658FB /* GoogleService-Info.plist in Resources */ = {isa = PBXBuildFile; fileRef = ED67B8072B35CC86007658FB /* GoogleService-Info.plist */; };
		ED67B80C2B35CD26007658FB /* UserManager.swift in Sources */ = {isa = PBXBuildFile; fileRef = ED67B80B2B35CD26007658FB /* UserManager.swift */; };
		ED67B80D2B35CD26007658FB /* UserManager.swift in Sources */ = {isa = PBXBuildFile; fileRef = ED67B80B2B35CD26007658FB /* UserManager.swift */; };
		ED67B80E2B35CD26007658FB /* UserManager.swift in Sources */ = {isa = PBXBuildFile; fileRef = ED67B80B2B35CD26007658FB /* UserManager.swift */; };
		ED67B8102B35CD5D007658FB /* AuthenticationManager.swift in Sources */ = {isa = PBXBuildFile; fileRef = ED67B80F2B35CD5D007658FB /* AuthenticationManager.swift */; };
		ED67B8112B35CD5D007658FB /* AuthenticationManager.swift in Sources */ = {isa = PBXBuildFile; fileRef = ED67B80F2B35CD5D007658FB /* AuthenticationManager.swift */; };
		ED67B8122B35CD5D007658FB /* AuthenticationManager.swift in Sources */ = {isa = PBXBuildFile; fileRef = ED67B80F2B35CD5D007658FB /* AuthenticationManager.swift */; };
		ED67B8142B35CD99007658FB /* SignInAppleHelper.swift in Sources */ = {isa = PBXBuildFile; fileRef = ED67B8132B35CD99007658FB /* SignInAppleHelper.swift */; };
		ED67B8152B35CD99007658FB /* SignInAppleHelper.swift in Sources */ = {isa = PBXBuildFile; fileRef = ED67B8132B35CD99007658FB /* SignInAppleHelper.swift */; };
		ED67B8162B35CD99007658FB /* SignInAppleHelper.swift in Sources */ = {isa = PBXBuildFile; fileRef = ED67B8132B35CD99007658FB /* SignInAppleHelper.swift */; };
		ED67B8182B35CDCF007658FB /* Utilities.swift in Sources */ = {isa = PBXBuildFile; fileRef = ED67B8172B35CDCF007658FB /* Utilities.swift */; };
		ED67B8192B35CDCF007658FB /* Utilities.swift in Sources */ = {isa = PBXBuildFile; fileRef = ED67B8172B35CDCF007658FB /* Utilities.swift */; };
		ED67B81A2B35CDCF007658FB /* Utilities.swift in Sources */ = {isa = PBXBuildFile; fileRef = ED67B8172B35CDCF007658FB /* Utilities.swift */; };
		ED67B81C2B35CDEB007658FB /* SignInGoogleHelper.swift in Sources */ = {isa = PBXBuildFile; fileRef = ED67B81B2B35CDEB007658FB /* SignInGoogleHelper.swift */; };
		ED67B81D2B35CDEB007658FB /* SignInGoogleHelper.swift in Sources */ = {isa = PBXBuildFile; fileRef = ED67B81B2B35CDEB007658FB /* SignInGoogleHelper.swift */; };
		ED67B81E2B35CDEB007658FB /* SignInGoogleHelper.swift in Sources */ = {isa = PBXBuildFile; fileRef = ED67B81B2B35CDEB007658FB /* SignInGoogleHelper.swift */; };
		ED67B8212B35CEA8007658FB /* GoogleSignIn in Frameworks */ = {isa = PBXBuildFile; productRef = ED67B8202B35CEA8007658FB /* GoogleSignIn */; };
		ED67B8232B35CEA8007658FB /* GoogleSignInSwift in Frameworks */ = {isa = PBXBuildFile; productRef = ED67B8222B35CEA8007658FB /* GoogleSignInSwift */; };
		ED67B8252B35CF95007658FB /* ProfileView.swift in Sources */ = {isa = PBXBuildFile; fileRef = ED67B8242B35CF95007658FB /* ProfileView.swift */; };
		ED67B8272B35D340007658FB /* ProfileViewModel.swift in Sources */ = {isa = PBXBuildFile; fileRef = ED67B8262B35D340007658FB /* ProfileViewModel.swift */; };
		ED67B8292B35DDBC007658FB /* AuthenticationView.swift in Sources */ = {isa = PBXBuildFile; fileRef = ED67B8282B35DDBC007658FB /* AuthenticationView.swift */; };
		ED67B82C2B35DED7007658FB /* AuthenticationViewModel.swift in Sources */ = {isa = PBXBuildFile; fileRef = ED67B82B2B35DED7007658FB /* AuthenticationViewModel.swift */; };
		ED67B82E2B386E40007658FB /* AchievementItem.swift in Sources */ = {isa = PBXBuildFile; fileRef = ED67B82D2B386E40007658FB /* AchievementItem.swift */; };
		ED710FDC2B25FFBF00546072 /* DailyChallengeCard.swift in Sources */ = {isa = PBXBuildFile; fileRef = ED710FDB2B25FFBF00546072 /* DailyChallengeCard.swift */; };
		ED710FDE2B26036A00546072 /* DailyView.swift in Sources */ = {isa = PBXBuildFile; fileRef = ED710FDD2B26036A00546072 /* DailyView.swift */; };
		ED866BA72AA85E4000F780C9 /* SignikaNegative-Medium.ttf in Resources */ = {isa = PBXBuildFile; fileRef = ED866BA22AA85E3F00F780C9 /* SignikaNegative-Medium.ttf */; };
		ED866BA82AA85E4000F780C9 /* SignikaNegative-Light.ttf in Resources */ = {isa = PBXBuildFile; fileRef = ED866BA32AA85E3F00F780C9 /* SignikaNegative-Light.ttf */; };
		ED866BAA2AA85E4000F780C9 /* SignikaNegative-Regular.ttf in Resources */ = {isa = PBXBuildFile; fileRef = ED866BA52AA85E3F00F780C9 /* SignikaNegative-Regular.ttf */; };
		ED866BAB2AA85E4000F780C9 /* SignikaNegative-SemiBold.ttf in Resources */ = {isa = PBXBuildFile; fileRef = ED866BA62AA85E4000F780C9 /* SignikaNegative-SemiBold.ttf */; };
		ED9E107D2AC46B7A0039EAC8 /* CloseSheetButton.swift in Sources */ = {isa = PBXBuildFile; fileRef = ED9E107C2AC46B7A0039EAC8 /* CloseSheetButton.swift */; };
		ED9E107F2AC561910039EAC8 /* HomeScreen.swift in Sources */ = {isa = PBXBuildFile; fileRef = ED9E107E2AC561910039EAC8 /* HomeScreen.swift */; };
		EDAA150B2AD7017400147510 /* ListViewFavorites.swift in Sources */ = {isa = PBXBuildFile; fileRef = EDAA150A2AD7017400147510 /* ListViewFavorites.swift */; };
		EDAA150F2AD7E3F900147510 /* Items.swift in Sources */ = {isa = PBXBuildFile; fileRef = EDAA150E2AD7E3F900147510 /* Items.swift */; };
		EDB1AA662B2AF71A00DC4A61 /* ProgramCardSmall.swift in Sources */ = {isa = PBXBuildFile; fileRef = EDB1AA652B2AF71A00DC4A61 /* ProgramCardSmall.swift */; };
		EDB306252AB1E04200813034 /* Launch Screen.storyboard in Resources */ = {isa = PBXBuildFile; fileRef = EDB306242AB1E04200813034 /* Launch Screen.storyboard */; };
		EDB3062D2AB4C04A00813034 /* Poppins-Medium.ttf in Resources */ = {isa = PBXBuildFile; fileRef = EDB3062C2AB4C04A00813034 /* Poppins-Medium.ttf */; };
		EDB3062F2AB4C06400813034 /* Poppins-Regular.ttf in Resources */ = {isa = PBXBuildFile; fileRef = EDB3062E2AB4C06400813034 /* Poppins-Regular.ttf */; };
		EDB306342AB5A02200813034 /* ListItem.swift in Sources */ = {isa = PBXBuildFile; fileRef = EDB306332AB5A02200813034 /* ListItem.swift */; };
		EDBAE1AF2B5058A7004FF9F5 /* ProgramSheetData.swift in Sources */ = {isa = PBXBuildFile; fileRef = EDBAE1AE2B5058A7004FF9F5 /* ProgramSheetData.swift */; };
		EDBAE1B12B50593F004FF9F5 /* ProgramSheetTemplate.swift in Sources */ = {isa = PBXBuildFile; fileRef = EDBAE1B02B50593F004FF9F5 /* ProgramSheetTemplate.swift */; };
		EDBAE1B32B5130D8004FF9F5 /* LessonButton.swift in Sources */ = {isa = PBXBuildFile; fileRef = EDBAE1B22B5130D8004FF9F5 /* LessonButton.swift */; };
		EDC360582B2DCB2300D0A4F5 /* ProgramViewOffice.swift in Sources */ = {isa = PBXBuildFile; fileRef = EDC360572B2DCB2300D0A4F5 /* ProgramViewOffice.swift */; };
		EDC804C32AFF8ED1002E9EB8 /* ArticleViewHands.swift in Sources */ = {isa = PBXBuildFile; fileRef = EDC804C22AFF8ED1002E9EB8 /* ArticleViewHands.swift */; };
		EDC804C52B027ED7002E9EB8 /* ProgramCard.swift in Sources */ = {isa = PBXBuildFile; fileRef = EDC804C42B027ED7002E9EB8 /* ProgramCard.swift */; };
		EDC804C82B04F2A0002E9EB8 /* ProgramViewFirst.swift in Sources */ = {isa = PBXBuildFile; fileRef = EDC804C72B04F2A0002E9EB8 /* ProgramViewFirst.swift */; };
		EDC838BE2B44745E00DBFE49 /* ContentSheetTemplate.swift in Sources */ = {isa = PBXBuildFile; fileRef = EDC838BD2B44745E00DBFE49 /* ContentSheetTemplate.swift */; };
		EDC838C02B45D00700DBFE49 /* FavoriteViewModel.swift in Sources */ = {isa = PBXBuildFile; fileRef = EDC838BF2B45D00700DBFE49 /* FavoriteViewModel.swift */; };
		EDC838C22B4D408A00DBFE49 /* ViewModifiers.swift in Sources */ = {isa = PBXBuildFile; fileRef = EDC838C12B4D408A00DBFE49 /* ViewModifiers.swift */; };
		EDC838C42B4D41AA00DBFE49 /* ItemCellViewBuilder.swift in Sources */ = {isa = PBXBuildFile; fileRef = EDC838C32B4D41AA00DBFE49 /* ItemCellViewBuilder.swift */; };
		EDC838C82B4EFC2900DBFE49 /* ProgramViewModel.swift in Sources */ = {isa = PBXBuildFile; fileRef = EDC838C72B4EFC2800DBFE49 /* ProgramViewModel.swift */; };
		EDC838CA2B4F02C300DBFE49 /* ProgramData.swift in Sources */ = {isa = PBXBuildFile; fileRef = EDC838C92B4F02C300DBFE49 /* ProgramData.swift */; };
		EDC838CC2B4F073100DBFE49 /* ProgramsManager.swift in Sources */ = {isa = PBXBuildFile; fileRef = EDC838CB2B4F073100DBFE49 /* ProgramsManager.swift */; };
		EDF134352ADEB5F300F8218A /* FavoriteItem.swift in Sources */ = {isa = PBXBuildFile; fileRef = EDF134342ADEB5F300F8218A /* FavoriteItem.swift */; };
/* End PBXBuildFile section */

/* Begin PBXContainerItemProxy section */
		ED1553322A9F930800A74DE7 /* PBXContainerItemProxy */ = {
			isa = PBXContainerItemProxy;
			containerPortal = ED1553192A9F930700A74DE7 /* Project object */;
			proxyType = 1;
			remoteGlobalIDString = ED1553202A9F930700A74DE7;
			remoteInfo = dogApp;
		};
		ED15533C2A9F930800A74DE7 /* PBXContainerItemProxy */ = {
			isa = PBXContainerItemProxy;
			containerPortal = ED1553192A9F930700A74DE7 /* Project object */;
			proxyType = 1;
			remoteGlobalIDString = ED1553202A9F930700A74DE7;
			remoteInfo = dogApp;
		};
/* End PBXContainerItemProxy section */

/* Begin PBXFileReference section */
		ED06466F2B5D249E00156B7E /* AdSupport.framework */ = {isa = PBXFileReference; lastKnownFileType = wrapper.framework; name = AdSupport.framework; path = System/Library/Frameworks/AdSupport.framework; sourceTree = SDKROOT; };
		ED0646712B5D24D600156B7E /* Analytics.swift */ = {isa = PBXFileReference; lastKnownFileType = sourcecode.swift; path = Analytics.swift; sourceTree = "<group>"; };
		ED0B337D2AA85F9700F20549 /* SignikaNegative-Bold.ttf */ = {isa = PBXFileReference; lastKnownFileType = file; path = "SignikaNegative-Bold.ttf"; sourceTree = "<group>"; };
		ED138DB52B40233300D03744 /* SignInSheet.swift */ = {isa = PBXFileReference; lastKnownFileType = sourcecode.swift; path = SignInSheet.swift; sourceTree = "<group>"; };
		ED138DB72B407D1300D03744 /* ItemData.swift */ = {isa = PBXFileReference; lastKnownFileType = sourcecode.swift; path = ItemData.swift; sourceTree = "<group>"; };
		ED138DB92B40805500D03744 /* ItemViewModel.swift */ = {isa = PBXFileReference; lastKnownFileType = sourcecode.swift; path = ItemViewModel.swift; sourceTree = "<group>"; };
		ED138DBB2B40813D00D03744 /* ItemsManager.swift */ = {isa = PBXFileReference; lastKnownFileType = sourcecode.swift; path = ItemsManager.swift; sourceTree = "<group>"; };
		ED138DBD2B4083AC00D03744 /* Query+EXT.swift */ = {isa = PBXFileReference; lastKnownFileType = sourcecode.swift; path = "Query+EXT.swift"; sourceTree = "<group>"; };
		ED1553212A9F930700A74DE7 /* dogApp.app */ = {isa = PBXFileReference; explicitFileType = wrapper.application; includeInIndex = 0; path = dogApp.app; sourceTree = BUILT_PRODUCTS_DIR; };
		ED1553242A9F930700A74DE7 /* dogAppApp.swift */ = {isa = PBXFileReference; lastKnownFileType = sourcecode.swift; path = dogAppApp.swift; sourceTree = "<group>"; };
		ED1553262A9F930700A74DE7 /* MainView.swift */ = {isa = PBXFileReference; lastKnownFileType = sourcecode.swift; path = MainView.swift; sourceTree = "<group>"; };
		ED1553282A9F930800A74DE7 /* Assets.xcassets */ = {isa = PBXFileReference; lastKnownFileType = folder.assetcatalog; path = Assets.xcassets; sourceTree = "<group>"; };
		ED15532B2A9F930800A74DE7 /* Preview Assets.xcassets */ = {isa = PBXFileReference; lastKnownFileType = folder.assetcatalog; path = "Preview Assets.xcassets"; sourceTree = "<group>"; };
		ED1553312A9F930800A74DE7 /* dogAppTests.xctest */ = {isa = PBXFileReference; explicitFileType = wrapper.cfbundle; includeInIndex = 0; path = dogAppTests.xctest; sourceTree = BUILT_PRODUCTS_DIR; };
		ED1553352A9F930800A74DE7 /* dogAppTests.swift */ = {isa = PBXFileReference; lastKnownFileType = sourcecode.swift; path = dogAppTests.swift; sourceTree = "<group>"; };
		ED15533B2A9F930800A74DE7 /* dogAppUITests.xctest */ = {isa = PBXFileReference; explicitFileType = wrapper.cfbundle; includeInIndex = 0; path = dogAppUITests.xctest; sourceTree = BUILT_PRODUCTS_DIR; };
		ED15533F2A9F930800A74DE7 /* dogAppUITests.swift */ = {isa = PBXFileReference; lastKnownFileType = sourcecode.swift; path = dogAppUITests.swift; sourceTree = "<group>"; };
		ED1553412A9F930800A74DE7 /* dogAppUITestsLaunchTests.swift */ = {isa = PBXFileReference; lastKnownFileType = sourcecode.swift; path = dogAppUITestsLaunchTests.swift; sourceTree = "<group>"; };
		ED207B942AAC8848001806FF /* NameGenerator.swift */ = {isa = PBXFileReference; lastKnownFileType = sourcecode.swift; path = NameGenerator.swift; sourceTree = "<group>"; };
		ED207B962AAC8AD9001806FF /* GetNamesButton.swift */ = {isa = PBXFileReference; lastKnownFileType = sourcecode.swift; path = GetNamesButton.swift; sourceTree = "<group>"; };
		ED207B992AADAA76001806FF /* DogNames.swift */ = {isa = PBXFileReference; lastKnownFileType = sourcecode.swift; path = DogNames.swift; sourceTree = "<group>"; };
		ED207B9E2AAEE915001806FF /* Switcher.swift */ = {isa = PBXFileReference; lastKnownFileType = sourcecode.swift; path = Switcher.swift; sourceTree = "<group>"; };
		ED207BA22AAF5945001806FF /* SwitcherGroup.swift */ = {isa = PBXFileReference; lastKnownFileType = sourcecode.swift; path = SwitcherGroup.swift; sourceTree = "<group>"; };
		ED207BA62AB0B000001806FF /* SmallCard.swift */ = {isa = PBXFileReference; lastKnownFileType = sourcecode.swift; path = SmallCard.swift; sourceTree = "<group>"; };
		ED21A2C12B3190B400002B95 /* ProgramSheetOfficeQuiz.swift */ = {isa = PBXFileReference; lastKnownFileType = sourcecode.swift; path = ProgramSheetOfficeQuiz.swift; sourceTree = "<group>"; };
		ED2E6FF52ACDB265005AD232 /* FavoriteButton.swift */ = {isa = PBXFileReference; lastKnownFileType = sourcecode.swift; path = FavoriteButton.swift; sourceTree = "<group>"; };
		ED2E70312AD59924005AD232 /* FavoriteItems.swift */ = {isa = PBXFileReference; lastKnownFileType = sourcecode.swift; path = FavoriteItems.swift; sourceTree = "<group>"; };
		ED40C9222B0DE7EA0044A575 /* ProgramViewLeash.swift */ = {isa = PBXFileReference; lastKnownFileType = sourcecode.swift; path = ProgramViewLeash.swift; sourceTree = "<group>"; };
		ED40C9302B0DEE6E0044A575 /* ProgramSheetLeashQuiz.swift */ = {isa = PBXFileReference; lastKnownFileType = sourcecode.swift; path = ProgramSheetLeashQuiz.swift; sourceTree = "<group>"; };
		ED4415422AA1C9910026347C /* NavCard.swift */ = {isa = PBXFileReference; lastKnownFileType = sourcecode.swift; path = NavCard.swift; sourceTree = "<group>"; };
		ED44154F2AA33E390026347C /* ArticleViewPuppyBuy.swift */ = {isa = PBXFileReference; lastKnownFileType = sourcecode.swift; path = ArticleViewPuppyBuy.swift; sourceTree = "<group>"; };
		ED49C2FF2AA7745A004ED7A0 /* ArticleViewOldTraining.swift */ = {isa = PBXFileReference; lastKnownFileType = sourcecode.swift; path = ArticleViewOldTraining.swift; sourceTree = "<group>"; };
		ED49C3042AA85C5D004ED7A0 /* Info.plist */ = {isa = PBXFileReference; lastKnownFileType = text.plist; path = Info.plist; sourceTree = "<group>"; };
		ED4E168B2B3AD5E00067E1E8 /* SignInButtons.swift */ = {isa = PBXFileReference; lastKnownFileType = sourcecode.swift; path = SignInButtons.swift; sourceTree = "<group>"; };
		ED4E168F2B3B32130067E1E8 /* FavouriteItemData.swift */ = {isa = PBXFileReference; lastKnownFileType = sourcecode.swift; path = FavouriteItemData.swift; sourceTree = "<group>"; };
		ED5156D92B1727E8004F29A1 /* QuizButtonFalse.swift */ = {isa = PBXFileReference; lastKnownFileType = sourcecode.swift; path = QuizButtonFalse.swift; sourceTree = "<group>"; };
		ED5156DB2B172F2D004F29A1 /* QuizButtonTrue.swift */ = {isa = PBXFileReference; lastKnownFileType = sourcecode.swift; path = QuizButtonTrue.swift; sourceTree = "<group>"; };
		ED536C962AA5B39C00E3C415 /* ArticleCard.swift */ = {isa = PBXFileReference; lastKnownFileType = sourcecode.swift; path = ArticleCard.swift; sourceTree = "<group>"; };
		ED5A6D6E2AE3E75200091C2A /* AboutView.swift */ = {isa = PBXFileReference; lastKnownFileType = sourcecode.swift; path = AboutView.swift; sourceTree = "<group>"; };
		ED5A6D7A2AF0DF5D00091C2A /* ArticleViewGrooming.swift */ = {isa = PBXFileReference; lastKnownFileType = sourcecode.swift; path = ArticleViewGrooming.swift; sourceTree = "<group>"; };
		ED63EAF82AC1DE2D00B6BD86 /* ListViewAll.swift */ = {isa = PBXFileReference; lastKnownFileType = sourcecode.swift; path = ListViewAll.swift; sourceTree = "<group>"; };
		ED67B8062B35CABC007658FB /* dogApp.entitlements */ = {isa = PBXFileReference; lastKnownFileType = text.plist.entitlements; path = dogApp.entitlements; sourceTree = "<group>"; };
		ED67B8072B35CC86007658FB /* GoogleService-Info.plist */ = {isa = PBXFileReference; fileEncoding = 4; lastKnownFileType = text.plist.xml; path = "GoogleService-Info.plist"; sourceTree = "<group>"; };
		ED67B80B2B35CD26007658FB /* UserManager.swift */ = {isa = PBXFileReference; lastKnownFileType = sourcecode.swift; path = UserManager.swift; sourceTree = "<group>"; };
		ED67B80F2B35CD5D007658FB /* AuthenticationManager.swift */ = {isa = PBXFileReference; lastKnownFileType = sourcecode.swift; path = AuthenticationManager.swift; sourceTree = "<group>"; };
		ED67B8132B35CD99007658FB /* SignInAppleHelper.swift */ = {isa = PBXFileReference; lastKnownFileType = sourcecode.swift; path = SignInAppleHelper.swift; sourceTree = "<group>"; };
		ED67B8172B35CDCF007658FB /* Utilities.swift */ = {isa = PBXFileReference; lastKnownFileType = sourcecode.swift; path = Utilities.swift; sourceTree = "<group>"; };
		ED67B81B2B35CDEB007658FB /* SignInGoogleHelper.swift */ = {isa = PBXFileReference; lastKnownFileType = sourcecode.swift; path = SignInGoogleHelper.swift; sourceTree = "<group>"; };
		ED67B8242B35CF95007658FB /* ProfileView.swift */ = {isa = PBXFileReference; lastKnownFileType = sourcecode.swift; path = ProfileView.swift; sourceTree = "<group>"; };
		ED67B8262B35D340007658FB /* ProfileViewModel.swift */ = {isa = PBXFileReference; lastKnownFileType = sourcecode.swift; path = ProfileViewModel.swift; sourceTree = "<group>"; };
		ED67B8282B35DDBC007658FB /* AuthenticationView.swift */ = {isa = PBXFileReference; lastKnownFileType = sourcecode.swift; path = AuthenticationView.swift; sourceTree = "<group>"; };
		ED67B82B2B35DED7007658FB /* AuthenticationViewModel.swift */ = {isa = PBXFileReference; lastKnownFileType = sourcecode.swift; path = AuthenticationViewModel.swift; sourceTree = "<group>"; };
		ED67B82D2B386E40007658FB /* AchievementItem.swift */ = {isa = PBXFileReference; lastKnownFileType = sourcecode.swift; path = AchievementItem.swift; sourceTree = "<group>"; };
		ED710FDB2B25FFBF00546072 /* DailyChallengeCard.swift */ = {isa = PBXFileReference; lastKnownFileType = sourcecode.swift; path = DailyChallengeCard.swift; sourceTree = "<group>"; };
		ED710FDD2B26036A00546072 /* DailyView.swift */ = {isa = PBXFileReference; lastKnownFileType = sourcecode.swift; path = DailyView.swift; sourceTree = "<group>"; };
		ED866BA22AA85E3F00F780C9 /* SignikaNegative-Medium.ttf */ = {isa = PBXFileReference; lastKnownFileType = file; path = "SignikaNegative-Medium.ttf"; sourceTree = "<group>"; };
		ED866BA32AA85E3F00F780C9 /* SignikaNegative-Light.ttf */ = {isa = PBXFileReference; lastKnownFileType = file; path = "SignikaNegative-Light.ttf"; sourceTree = "<group>"; };
		ED866BA52AA85E3F00F780C9 /* SignikaNegative-Regular.ttf */ = {isa = PBXFileReference; lastKnownFileType = file; path = "SignikaNegative-Regular.ttf"; sourceTree = "<group>"; };
		ED866BA62AA85E4000F780C9 /* SignikaNegative-SemiBold.ttf */ = {isa = PBXFileReference; lastKnownFileType = file; path = "SignikaNegative-SemiBold.ttf"; sourceTree = "<group>"; };
		ED9E107C2AC46B7A0039EAC8 /* CloseSheetButton.swift */ = {isa = PBXFileReference; lastKnownFileType = sourcecode.swift; path = CloseSheetButton.swift; sourceTree = "<group>"; };
		ED9E107E2AC561910039EAC8 /* HomeScreen.swift */ = {isa = PBXFileReference; lastKnownFileType = sourcecode.swift; path = HomeScreen.swift; sourceTree = "<group>"; };
		EDAA150A2AD7017400147510 /* ListViewFavorites.swift */ = {isa = PBXFileReference; lastKnownFileType = sourcecode.swift; path = ListViewFavorites.swift; sourceTree = "<group>"; };
		EDAA150E2AD7E3F900147510 /* Items.swift */ = {isa = PBXFileReference; lastKnownFileType = sourcecode.swift; path = Items.swift; sourceTree = "<group>"; };
		EDB1AA652B2AF71A00DC4A61 /* ProgramCardSmall.swift */ = {isa = PBXFileReference; lastKnownFileType = sourcecode.swift; path = ProgramCardSmall.swift; sourceTree = "<group>"; };
		EDB306242AB1E04200813034 /* Launch Screen.storyboard */ = {isa = PBXFileReference; lastKnownFileType = file.storyboard; path = "Launch Screen.storyboard"; sourceTree = "<group>"; };
		EDB3062C2AB4C04A00813034 /* Poppins-Medium.ttf */ = {isa = PBXFileReference; lastKnownFileType = file; path = "Poppins-Medium.ttf"; sourceTree = "<group>"; };
		EDB3062E2AB4C06400813034 /* Poppins-Regular.ttf */ = {isa = PBXFileReference; lastKnownFileType = file; path = "Poppins-Regular.ttf"; sourceTree = "<group>"; };
		EDB306332AB5A02200813034 /* ListItem.swift */ = {isa = PBXFileReference; lastKnownFileType = sourcecode.swift; path = ListItem.swift; sourceTree = "<group>"; };
		EDBAE1AE2B5058A7004FF9F5 /* ProgramSheetData.swift */ = {isa = PBXFileReference; lastKnownFileType = sourcecode.swift; path = ProgramSheetData.swift; sourceTree = "<group>"; };
		EDBAE1B02B50593F004FF9F5 /* ProgramSheetTemplate.swift */ = {isa = PBXFileReference; lastKnownFileType = sourcecode.swift; path = ProgramSheetTemplate.swift; sourceTree = "<group>"; };
		EDBAE1B22B5130D8004FF9F5 /* LessonButton.swift */ = {isa = PBXFileReference; lastKnownFileType = sourcecode.swift; path = LessonButton.swift; sourceTree = "<group>"; };
		EDC360572B2DCB2300D0A4F5 /* ProgramViewOffice.swift */ = {isa = PBXFileReference; lastKnownFileType = sourcecode.swift; path = ProgramViewOffice.swift; sourceTree = "<group>"; };
		EDC804C22AFF8ED1002E9EB8 /* ArticleViewHands.swift */ = {isa = PBXFileReference; lastKnownFileType = sourcecode.swift; path = ArticleViewHands.swift; sourceTree = "<group>"; };
		EDC804C42B027ED7002E9EB8 /* ProgramCard.swift */ = {isa = PBXFileReference; lastKnownFileType = sourcecode.swift; path = ProgramCard.swift; sourceTree = "<group>"; };
		EDC804C72B04F2A0002E9EB8 /* ProgramViewFirst.swift */ = {isa = PBXFileReference; lastKnownFileType = sourcecode.swift; path = ProgramViewFirst.swift; sourceTree = "<group>"; };
		EDC838BD2B44745E00DBFE49 /* ContentSheetTemplate.swift */ = {isa = PBXFileReference; lastKnownFileType = sourcecode.swift; path = ContentSheetTemplate.swift; sourceTree = "<group>"; };
		EDC838BF2B45D00700DBFE49 /* FavoriteViewModel.swift */ = {isa = PBXFileReference; lastKnownFileType = sourcecode.swift; path = FavoriteViewModel.swift; sourceTree = "<group>"; };
		EDC838C12B4D408A00DBFE49 /* ViewModifiers.swift */ = {isa = PBXFileReference; lastKnownFileType = sourcecode.swift; path = ViewModifiers.swift; sourceTree = "<group>"; };
		EDC838C32B4D41AA00DBFE49 /* ItemCellViewBuilder.swift */ = {isa = PBXFileReference; lastKnownFileType = sourcecode.swift; path = ItemCellViewBuilder.swift; sourceTree = "<group>"; };
		EDC838C72B4EFC2800DBFE49 /* ProgramViewModel.swift */ = {isa = PBXFileReference; lastKnownFileType = sourcecode.swift; path = ProgramViewModel.swift; sourceTree = "<group>"; };
		EDC838C92B4F02C300DBFE49 /* ProgramData.swift */ = {isa = PBXFileReference; lastKnownFileType = sourcecode.swift; path = ProgramData.swift; sourceTree = "<group>"; };
		EDC838CB2B4F073100DBFE49 /* ProgramsManager.swift */ = {isa = PBXFileReference; lastKnownFileType = sourcecode.swift; path = ProgramsManager.swift; sourceTree = "<group>"; };
		EDF134342ADEB5F300F8218A /* FavoriteItem.swift */ = {isa = PBXFileReference; lastKnownFileType = sourcecode.swift; path = FavoriteItem.swift; sourceTree = "<group>"; };
/* End PBXFileReference section */

/* Begin PBXFrameworksBuildPhase section */
		ED15531E2A9F930700A74DE7 /* Frameworks */ = {
			isa = PBXFrameworksBuildPhase;
			buildActionMask = 2147483647;
			files = (
				ED67B7FF2B35C9B4007658FB /* FirebaseDatabaseSwift in Frameworks */,
				ED67B7FD2B35C9B4007658FB /* FirebaseDatabase in Frameworks */,
				ED67B8212B35CEA8007658FB /* GoogleSignIn in Frameworks */,
				ED67B8232B35CEA8007658FB /* GoogleSignInSwift in Frameworks */,
				ED67B7F72B35C9B4007658FB /* FirebaseAnalyticsSwift in Frameworks */,
				ED67B8052B35C9B4007658FB /* FirebaseStorage in Frameworks */,
				ED0646702B5D249E00156B7E /* AdSupport.framework in Frameworks */,
				ED67B7FB2B35C9B4007658FB /* FirebaseAuth in Frameworks */,
				ED67B7F32B35C9B4007658FB /* FirebaseAnalytics in Frameworks */,
				ED67B8012B35C9B4007658FB /* FirebaseFirestore in Frameworks */,
				ED67B7F52B35C9B4007658FB /* FirebaseAnalyticsOnDeviceConversion in Frameworks */,
				ED67B7F92B35C9B4007658FB /* FirebaseAnalyticsWithoutAdIdSupport in Frameworks */,
				ED67B8032B35C9B4007658FB /* FirebaseFirestoreSwift in Frameworks */,
			);
			runOnlyForDeploymentPostprocessing = 0;
		};
		ED15532E2A9F930800A74DE7 /* Frameworks */ = {
			isa = PBXFrameworksBuildPhase;
			buildActionMask = 2147483647;
			files = (
			);
			runOnlyForDeploymentPostprocessing = 0;
		};
		ED1553382A9F930800A74DE7 /* Frameworks */ = {
			isa = PBXFrameworksBuildPhase;
			buildActionMask = 2147483647;
			files = (
			);
			runOnlyForDeploymentPostprocessing = 0;
		};
/* End PBXFrameworksBuildPhase section */

/* Begin PBXGroup section */
		ED1553182A9F930700A74DE7 = {
			isa = PBXGroup;
			children = (
				ED67B8072B35CC86007658FB /* GoogleService-Info.plist */,
				ED1553232A9F930700A74DE7 /* dogApp */,
				ED1553342A9F930800A74DE7 /* dogAppTests */,
				ED15533E2A9F930800A74DE7 /* dogAppUITests */,
				ED1553222A9F930700A74DE7 /* Products */,
				ED4E16912B3C41470067E1E8 /* Frameworks */,
			);
			sourceTree = "<group>";
		};
		ED1553222A9F930700A74DE7 /* Products */ = {
			isa = PBXGroup;
			children = (
				ED1553212A9F930700A74DE7 /* dogApp.app */,
				ED1553312A9F930800A74DE7 /* dogAppTests.xctest */,
				ED15533B2A9F930800A74DE7 /* dogAppUITests.xctest */,
			);
			name = Products;
			sourceTree = "<group>";
		};
		ED1553232A9F930700A74DE7 /* dogApp */ = {
			isa = PBXGroup;
			children = (
				ED67B8062B35CABC007658FB /* dogApp.entitlements */,
				ED49C3042AA85C5D004ED7A0 /* Info.plist */,
				ED207B982AADAA4C001806FF /* Models */,
				EDC804C62B04F265002E9EB8 /* ProgramViews */,
				EDB306302AB59D3700813034 /* ListViews */,
				ED44154E2AA33E1D0026347C /* ArticleViews */,
				ED1553242A9F930700A74DE7 /* dogAppApp.swift */,
				EDB306242AB1E04200813034 /* Launch Screen.storyboard */,
				ED67B82A2B35DDCF007658FB /* Main views */,
				ED9582872AC03D3600A33EE0 /* Components */,
				ED1553282A9F930800A74DE7 /* Assets.xcassets */,
				ED49C3012AA85B22004ED7A0 /* Fonts */,
				ED15532A2A9F930800A74DE7 /* Preview Content */,
			);
			path = dogApp;
			sourceTree = "<group>";
		};
		ED15532A2A9F930800A74DE7 /* Preview Content */ = {
			isa = PBXGroup;
			children = (
				ED15532B2A9F930800A74DE7 /* Preview Assets.xcassets */,
			);
			path = "Preview Content";
			sourceTree = "<group>";
		};
		ED1553342A9F930800A74DE7 /* dogAppTests */ = {
			isa = PBXGroup;
			children = (
				ED1553352A9F930800A74DE7 /* dogAppTests.swift */,
			);
			path = dogAppTests;
			sourceTree = "<group>";
		};
		ED15533E2A9F930800A74DE7 /* dogAppUITests */ = {
			isa = PBXGroup;
			children = (
				ED15533F2A9F930800A74DE7 /* dogAppUITests.swift */,
				ED1553412A9F930800A74DE7 /* dogAppUITestsLaunchTests.swift */,
			);
			path = dogAppUITests;
			sourceTree = "<group>";
		};
		ED207B982AADAA4C001806FF /* Models */ = {
			isa = PBXGroup;
			children = (
				EDBAE1AD2B50583D004FF9F5 /* Programs */,
				EDBAE1AC2B50581F004FF9F5 /* Favorites */,
				EDBAE1AB2B5057F5004FF9F5 /* Items */,
				ED207B992AADAA76001806FF /* DogNames.swift */,
				ED138DBD2B4083AC00D03744 /* Query+EXT.swift */,
				ED67B80B2B35CD26007658FB /* UserManager.swift */,
				ED67B80F2B35CD5D007658FB /* AuthenticationManager.swift */,
				ED67B8132B35CD99007658FB /* SignInAppleHelper.swift */,
				ED67B81B2B35CDEB007658FB /* SignInGoogleHelper.swift */,
				ED67B8172B35CDCF007658FB /* Utilities.swift */,
				ED67B8262B35D340007658FB /* ProfileViewModel.swift */,
				ED67B82B2B35DED7007658FB /* AuthenticationViewModel.swift */,
				EDC838C12B4D408A00DBFE49 /* ViewModifiers.swift */,
				ED0646712B5D24D600156B7E /* Analytics.swift */,
			);
			path = Models;
			sourceTree = "<group>";
		};
		ED44154E2AA33E1D0026347C /* ArticleViews */ = {
			isa = PBXGroup;
			children = (
				ED44154F2AA33E390026347C /* ArticleViewPuppyBuy.swift */,
				EDC804C22AFF8ED1002E9EB8 /* ArticleViewHands.swift */,
				ED5A6D7A2AF0DF5D00091C2A /* ArticleViewGrooming.swift */,
				ED49C2FF2AA7745A004ED7A0 /* ArticleViewOldTraining.swift */,
			);
			path = ArticleViews;
			sourceTree = "<group>";
		};
		ED49C3012AA85B22004ED7A0 /* Fonts */ = {
			isa = PBXGroup;
			children = (
				ED866BA32AA85E3F00F780C9 /* SignikaNegative-Light.ttf */,
				EDB3062E2AB4C06400813034 /* Poppins-Regular.ttf */,
				EDB3062C2AB4C04A00813034 /* Poppins-Medium.ttf */,
				ED866BA22AA85E3F00F780C9 /* SignikaNegative-Medium.ttf */,
				ED866BA52AA85E3F00F780C9 /* SignikaNegative-Regular.ttf */,
				ED866BA62AA85E4000F780C9 /* SignikaNegative-SemiBold.ttf */,
				ED0B337D2AA85F9700F20549 /* SignikaNegative-Bold.ttf */,
			);
			path = Fonts;
			sourceTree = "<group>";
		};
		ED4E16912B3C41470067E1E8 /* Frameworks */ = {
			isa = PBXGroup;
			children = (
				ED06466F2B5D249E00156B7E /* AdSupport.framework */,
			);
			name = Frameworks;
			sourceTree = "<group>";
		};
		ED67B82A2B35DDCF007658FB /* Main views */ = {
			isa = PBXGroup;
			children = (
				EDBAE1B02B50593F004FF9F5 /* ProgramSheetTemplate.swift */,
				EDC838BD2B44745E00DBFE49 /* ContentSheetTemplate.swift */,
				ED1553262A9F930700A74DE7 /* MainView.swift */,
				ED9E107E2AC561910039EAC8 /* HomeScreen.swift */,
				ED67B8242B35CF95007658FB /* ProfileView.swift */,
				ED5A6D6E2AE3E75200091C2A /* AboutView.swift */,
				ED207B942AAC8848001806FF /* NameGenerator.swift */,
				ED67B8282B35DDBC007658FB /* AuthenticationView.swift */,
			);
			path = "Main views";
			sourceTree = "<group>";
		};
		ED9582872AC03D3600A33EE0 /* Components */ = {
			isa = PBXGroup;
			children = (
				ED67B82D2B386E40007658FB /* AchievementItem.swift */,
				ED536C962AA5B39C00E3C415 /* ArticleCard.swift */,
				ED9E107C2AC46B7A0039EAC8 /* CloseSheetButton.swift */,
				ED4415422AA1C9910026347C /* NavCard.swift */,
				ED710FDB2B25FFBF00546072 /* DailyChallengeCard.swift */,
				ED710FDD2B26036A00546072 /* DailyView.swift */,
				ED207B962AAC8AD9001806FF /* GetNamesButton.swift */,
				EDF134342ADEB5F300F8218A /* FavoriteItem.swift */,
				ED2E6FF52ACDB265005AD232 /* FavoriteButton.swift */,
				ED207B9E2AAEE915001806FF /* Switcher.swift */,
				ED207BA62AB0B000001806FF /* SmallCard.swift */,
				ED207BA22AAF5945001806FF /* SwitcherGroup.swift */,
				ED4E168B2B3AD5E00067E1E8 /* SignInButtons.swift */,
				ED138DB52B40233300D03744 /* SignInSheet.swift */,
				EDB306332AB5A02200813034 /* ListItem.swift */,
				EDB1AA652B2AF71A00DC4A61 /* ProgramCardSmall.swift */,
				EDC804C42B027ED7002E9EB8 /* ProgramCard.swift */,
				ED5156D92B1727E8004F29A1 /* QuizButtonFalse.swift */,
				ED5156DB2B172F2D004F29A1 /* QuizButtonTrue.swift */,
				EDBAE1B22B5130D8004FF9F5 /* LessonButton.swift */,
			);
			path = Components;
			sourceTree = "<group>";
		};
		EDB306302AB59D3700813034 /* ListViews */ = {
			isa = PBXGroup;
			children = (
				ED63EAF82AC1DE2D00B6BD86 /* ListViewAll.swift */,
				EDAA150A2AD7017400147510 /* ListViewFavorites.swift */,
			);
			path = ListViews;
			sourceTree = "<group>";
		};
		EDBAE1AB2B5057F5004FF9F5 /* Items */ = {
			isa = PBXGroup;
			children = (
				EDAA150E2AD7E3F900147510 /* Items.swift */,
				ED138DB72B407D1300D03744 /* ItemData.swift */,
				ED138DB92B40805500D03744 /* ItemViewModel.swift */,
				ED138DBB2B40813D00D03744 /* ItemsManager.swift */,
				EDC838C32B4D41AA00DBFE49 /* ItemCellViewBuilder.swift */,
			);
			path = Items;
			sourceTree = "<group>";
		};
		EDBAE1AC2B50581F004FF9F5 /* Favorites */ = {
			isa = PBXGroup;
			children = (
				ED2E70312AD59924005AD232 /* FavoriteItems.swift */,
				EDC838BF2B45D00700DBFE49 /* FavoriteViewModel.swift */,
				ED4E168F2B3B32130067E1E8 /* FavouriteItemData.swift */,
			);
			path = Favorites;
			sourceTree = "<group>";
		};
		EDBAE1AD2B50583D004FF9F5 /* Programs */ = {
			isa = PBXGroup;
			children = (
				EDC838C92B4F02C300DBFE49 /* ProgramData.swift */,
				EDBAE1AE2B5058A7004FF9F5 /* ProgramSheetData.swift */,
				EDC838C72B4EFC2800DBFE49 /* ProgramViewModel.swift */,
				EDC838CB2B4F073100DBFE49 /* ProgramsManager.swift */,
			);
			path = Programs;
			sourceTree = "<group>";
		};
		EDC804C62B04F265002E9EB8 /* ProgramViews */ = {
			isa = PBXGroup;
			children = (
				EDC804C72B04F2A0002E9EB8 /* ProgramViewFirst.swift */,
				ED40C9222B0DE7EA0044A575 /* ProgramViewLeash.swift */,
				EDC360572B2DCB2300D0A4F5 /* ProgramViewOffice.swift */,
				ED40C9302B0DEE6E0044A575 /* ProgramSheetLeashQuiz.swift */,
				ED21A2C12B3190B400002B95 /* ProgramSheetOfficeQuiz.swift */,
			);
			path = ProgramViews;
			sourceTree = "<group>";
		};
/* End PBXGroup section */

/* Begin PBXNativeTarget section */
		ED1553202A9F930700A74DE7 /* dogApp */ = {
			isa = PBXNativeTarget;
			buildConfigurationList = ED1553452A9F930800A74DE7 /* Build configuration list for PBXNativeTarget "dogApp" */;
			buildPhases = (
				ED15531D2A9F930700A74DE7 /* Sources */,
				ED15531E2A9F930700A74DE7 /* Frameworks */,
				ED15531F2A9F930700A74DE7 /* Resources */,
			);
			buildRules = (
			);
			dependencies = (
			);
			name = dogApp;
			packageProductDependencies = (
				ED67B7F22B35C9B4007658FB /* FirebaseAnalytics */,
				ED67B7F42B35C9B4007658FB /* FirebaseAnalyticsOnDeviceConversion */,
				ED67B7F62B35C9B4007658FB /* FirebaseAnalyticsSwift */,
				ED67B7F82B35C9B4007658FB /* FirebaseAnalyticsWithoutAdIdSupport */,
				ED67B7FA2B35C9B4007658FB /* FirebaseAuth */,
				ED67B7FC2B35C9B4007658FB /* FirebaseDatabase */,
				ED67B7FE2B35C9B4007658FB /* FirebaseDatabaseSwift */,
				ED67B8002B35C9B4007658FB /* FirebaseFirestore */,
				ED67B8022B35C9B4007658FB /* FirebaseFirestoreSwift */,
				ED67B8042B35C9B4007658FB /* FirebaseStorage */,
				ED67B8202B35CEA8007658FB /* GoogleSignIn */,
				ED67B8222B35CEA8007658FB /* GoogleSignInSwift */,
			);
			productName = dogApp;
			productReference = ED1553212A9F930700A74DE7 /* dogApp.app */;
			productType = "com.apple.product-type.application";
		};
		ED1553302A9F930800A74DE7 /* dogAppTests */ = {
			isa = PBXNativeTarget;
			buildConfigurationList = ED1553482A9F930800A74DE7 /* Build configuration list for PBXNativeTarget "dogAppTests" */;
			buildPhases = (
				ED15532D2A9F930800A74DE7 /* Sources */,
				ED15532E2A9F930800A74DE7 /* Frameworks */,
				ED15532F2A9F930800A74DE7 /* Resources */,
			);
			buildRules = (
			);
			dependencies = (
				ED1553332A9F930800A74DE7 /* PBXTargetDependency */,
			);
			name = dogAppTests;
			productName = dogAppTests;
			productReference = ED1553312A9F930800A74DE7 /* dogAppTests.xctest */;
			productType = "com.apple.product-type.bundle.unit-test";
		};
		ED15533A2A9F930800A74DE7 /* dogAppUITests */ = {
			isa = PBXNativeTarget;
			buildConfigurationList = ED15534B2A9F930800A74DE7 /* Build configuration list for PBXNativeTarget "dogAppUITests" */;
			buildPhases = (
				ED1553372A9F930800A74DE7 /* Sources */,
				ED1553382A9F930800A74DE7 /* Frameworks */,
				ED1553392A9F930800A74DE7 /* Resources */,
			);
			buildRules = (
			);
			dependencies = (
				ED15533D2A9F930800A74DE7 /* PBXTargetDependency */,
			);
			name = dogAppUITests;
			productName = dogAppUITests;
			productReference = ED15533B2A9F930800A74DE7 /* dogAppUITests.xctest */;
			productType = "com.apple.product-type.bundle.ui-testing";
		};
/* End PBXNativeTarget section */

/* Begin PBXProject section */
		ED1553192A9F930700A74DE7 /* Project object */ = {
			isa = PBXProject;
			attributes = {
				BuildIndependentTargetsInParallel = 1;
				LastSwiftUpdateCheck = 1430;
				LastUpgradeCheck = 1500;
				TargetAttributes = {
					ED1553202A9F930700A74DE7 = {
						CreatedOnToolsVersion = 14.3.1;
					};
					ED1553302A9F930800A74DE7 = {
						CreatedOnToolsVersion = 14.3.1;
						TestTargetID = ED1553202A9F930700A74DE7;
					};
					ED15533A2A9F930800A74DE7 = {
						CreatedOnToolsVersion = 14.3.1;
						TestTargetID = ED1553202A9F930700A74DE7;
					};
				};
			};
			buildConfigurationList = ED15531C2A9F930700A74DE7 /* Build configuration list for PBXProject "dogApp" */;
			compatibilityVersion = "Xcode 14.0";
			developmentRegion = en;
			hasScannedForEncodings = 0;
			knownRegions = (
				en,
				Base,
			);
			mainGroup = ED1553182A9F930700A74DE7;
			packageReferences = (
				ED67B7F12B35C9B4007658FB /* XCRemoteSwiftPackageReference "firebase-ios-sdk" */,
				ED67B81F2B35CEA8007658FB /* XCRemoteSwiftPackageReference "GoogleSignIn-iOS" */,
			);
			productRefGroup = ED1553222A9F930700A74DE7 /* Products */;
			projectDirPath = "";
			projectRoot = "";
			targets = (
				ED1553202A9F930700A74DE7 /* dogApp */,
				ED1553302A9F930800A74DE7 /* dogAppTests */,
				ED15533A2A9F930800A74DE7 /* dogAppUITests */,
			);
		};
/* End PBXProject section */

/* Begin PBXResourcesBuildPhase section */
		ED15531F2A9F930700A74DE7 /* Resources */ = {
			isa = PBXResourcesBuildPhase;
			buildActionMask = 2147483647;
			files = (
				ED866BA72AA85E4000F780C9 /* SignikaNegative-Medium.ttf in Resources */,
				ED15532C2A9F930800A74DE7 /* Preview Assets.xcassets in Resources */,
				EDB306252AB1E04200813034 /* Launch Screen.storyboard in Resources */,
				ED866BAA2AA85E4000F780C9 /* SignikaNegative-Regular.ttf in Resources */,
				ED866BAB2AA85E4000F780C9 /* SignikaNegative-SemiBold.ttf in Resources */,
				ED0B337E2AA85F9700F20549 /* SignikaNegative-Bold.ttf in Resources */,
				ED67B8082B35CC86007658FB /* GoogleService-Info.plist in Resources */,
				EDB3062D2AB4C04A00813034 /* Poppins-Medium.ttf in Resources */,
				ED1553292A9F930800A74DE7 /* Assets.xcassets in Resources */,
				ED866BA82AA85E4000F780C9 /* SignikaNegative-Light.ttf in Resources */,
				EDB3062F2AB4C06400813034 /* Poppins-Regular.ttf in Resources */,
			);
			runOnlyForDeploymentPostprocessing = 0;
		};
		ED15532F2A9F930800A74DE7 /* Resources */ = {
			isa = PBXResourcesBuildPhase;
			buildActionMask = 2147483647;
			files = (
				ED67B8092B35CC86007658FB /* GoogleService-Info.plist in Resources */,
			);
			runOnlyForDeploymentPostprocessing = 0;
		};
		ED1553392A9F930800A74DE7 /* Resources */ = {
			isa = PBXResourcesBuildPhase;
			buildActionMask = 2147483647;
			files = (
				ED67B80A2B35CC86007658FB /* GoogleService-Info.plist in Resources */,
			);
			runOnlyForDeploymentPostprocessing = 0;
		};
/* End PBXResourcesBuildPhase section */

/* Begin PBXSourcesBuildPhase section */
		ED15531D2A9F930700A74DE7 /* Sources */ = {
			isa = PBXSourcesBuildPhase;
			buildActionMask = 2147483647;
			files = (
				ED67B8272B35D340007658FB /* ProfileViewModel.swift in Sources */,
				ED40C9232B0DE7EA0044A575 /* ProgramViewLeash.swift in Sources */,
				EDC838C02B45D00700DBFE49 /* FavoriteViewModel.swift in Sources */,
				ED207B9F2AAEE915001806FF /* Switcher.swift in Sources */,
				ED67B82E2B386E40007658FB /* AchievementItem.swift in Sources */,
				ED207BA32AAF5945001806FF /* SwitcherGroup.swift in Sources */,
				ED1553272A9F930700A74DE7 /* MainView.swift in Sources */,
				EDBAE1B32B5130D8004FF9F5 /* LessonButton.swift in Sources */,
				ED0646722B5D24D600156B7E /* Analytics.swift in Sources */,
				ED207B9A2AADAA76001806FF /* DogNames.swift in Sources */,
				ED207B952AAC8848001806FF /* NameGenerator.swift in Sources */,
				ED67B80C2B35CD26007658FB /* UserManager.swift in Sources */,
				EDC838C82B4EFC2900DBFE49 /* ProgramViewModel.swift in Sources */,
				EDC360582B2DCB2300D0A4F5 /* ProgramViewOffice.swift in Sources */,
				ED67B81C2B35CDEB007658FB /* SignInGoogleHelper.swift in Sources */,
				ED5156DA2B1727E8004F29A1 /* QuizButtonFalse.swift in Sources */,
				ED1553252A9F930700A74DE7 /* dogAppApp.swift in Sources */,
				EDAA150B2AD7017400147510 /* ListViewFavorites.swift in Sources */,
				ED207BA72AB0B000001806FF /* SmallCard.swift in Sources */,
				EDC838CA2B4F02C300DBFE49 /* ProgramData.swift in Sources */,
				EDB1AA662B2AF71A00DC4A61 /* ProgramCardSmall.swift in Sources */,
				ED40C9312B0DEE6E0044A575 /* ProgramSheetLeashQuiz.swift in Sources */,
				ED67B8182B35CDCF007658FB /* Utilities.swift in Sources */,
				ED207B972AAC8AD9001806FF /* GetNamesButton.swift in Sources */,
				ED5156DC2B172F2D004F29A1 /* QuizButtonTrue.swift in Sources */,
				ED4E168C2B3AD5E10067E1E8 /* SignInButtons.swift in Sources */,
				EDC838C42B4D41AA00DBFE49 /* ItemCellViewBuilder.swift in Sources */,
				EDB306342AB5A02200813034 /* ListItem.swift in Sources */,
				ED9E107D2AC46B7A0039EAC8 /* CloseSheetButton.swift in Sources */,
				EDAA150F2AD7E3F900147510 /* Items.swift in Sources */,
				EDBAE1B12B50593F004FF9F5 /* ProgramSheetTemplate.swift in Sources */,
				ED67B82C2B35DED7007658FB /* AuthenticationViewModel.swift in Sources */,
				ED710FDC2B25FFBF00546072 /* DailyChallengeCard.swift in Sources */,
				ED63EAF92AC1DE2D00B6BD86 /* ListViewAll.swift in Sources */,
				EDBAE1AF2B5058A7004FF9F5 /* ProgramSheetData.swift in Sources */,
				ED138DB62B40233300D03744 /* SignInSheet.swift in Sources */,
				EDC804C32AFF8ED1002E9EB8 /* ArticleViewHands.swift in Sources */,
				ED138DBC2B40813D00D03744 /* ItemsManager.swift in Sources */,
				EDC804C52B027ED7002E9EB8 /* ProgramCard.swift in Sources */,
				ED2E6FF62ACDB265005AD232 /* FavoriteButton.swift in Sources */,
				ED710FDE2B26036A00546072 /* DailyView.swift in Sources */,
				ED2E70322AD59924005AD232 /* FavoriteItems.swift in Sources */,
				ED67B8142B35CD99007658FB /* SignInAppleHelper.swift in Sources */,
				ED4415432AA1C9910026347C /* NavCard.swift in Sources */,
				EDC838CC2B4F073100DBFE49 /* ProgramsManager.swift in Sources */,
				ED4E16902B3B32130067E1E8 /* FavouriteItemData.swift in Sources */,
				ED21A2C22B3190B400002B95 /* ProgramSheetOfficeQuiz.swift in Sources */,
				EDC838BE2B44745E00DBFE49 /* ContentSheetTemplate.swift in Sources */,
				ED49C3002AA7745A004ED7A0 /* ArticleViewOldTraining.swift in Sources */,
				EDC804C82B04F2A0002E9EB8 /* ProgramViewFirst.swift in Sources */,
				ED67B8102B35CD5D007658FB /* AuthenticationManager.swift in Sources */,
				ED4415502AA33E390026347C /* ArticleViewPuppyBuy.swift in Sources */,
				ED138DBE2B4083AC00D03744 /* Query+EXT.swift in Sources */,
				ED138DBA2B40805500D03744 /* ItemViewModel.swift in Sources */,
				ED5A6D6F2AE3E75200091C2A /* AboutView.swift in Sources */,
				ED9E107F2AC561910039EAC8 /* HomeScreen.swift in Sources */,
				EDF134352ADEB5F300F8218A /* FavoriteItem.swift in Sources */,
				EDC838C22B4D408A00DBFE49 /* ViewModifiers.swift in Sources */,
				ED67B8252B35CF95007658FB /* ProfileView.swift in Sources */,
				ED138DB82B407D1300D03744 /* ItemData.swift in Sources */,
				ED536C972AA5B39C00E3C415 /* ArticleCard.swift in Sources */,
				ED67B8292B35DDBC007658FB /* AuthenticationView.swift in Sources */,
				ED5A6D7B2AF0DF5D00091C2A /* ArticleViewGrooming.swift in Sources */,
			);
			runOnlyForDeploymentPostprocessing = 0;
		};
		ED15532D2A9F930800A74DE7 /* Sources */ = {
			isa = PBXSourcesBuildPhase;
			buildActionMask = 2147483647;
			files = (
				ED67B8152B35CD99007658FB /* SignInAppleHelper.swift in Sources */,
				ED67B8112B35CD5D007658FB /* AuthenticationManager.swift in Sources */,
				ED67B80D2B35CD26007658FB /* UserManager.swift in Sources */,
				ED67B8192B35CDCF007658FB /* Utilities.swift in Sources */,
				ED67B81D2B35CDEB007658FB /* SignInGoogleHelper.swift in Sources */,
				ED1553362A9F930800A74DE7 /* dogAppTests.swift in Sources */,
				ED4E168D2B3AD5E10067E1E8 /* SignInButtons.swift in Sources */,
			);
			runOnlyForDeploymentPostprocessing = 0;
		};
		ED1553372A9F930800A74DE7 /* Sources */ = {
			isa = PBXSourcesBuildPhase;
			buildActionMask = 2147483647;
			files = (
				ED67B81A2B35CDCF007658FB /* Utilities.swift in Sources */,
				ED67B81E2B35CDEB007658FB /* SignInGoogleHelper.swift in Sources */,
				ED67B80E2B35CD26007658FB /* UserManager.swift in Sources */,
				ED67B8122B35CD5D007658FB /* AuthenticationManager.swift in Sources */,
				ED1553402A9F930800A74DE7 /* dogAppUITests.swift in Sources */,
				ED4E168E2B3AD5E10067E1E8 /* SignInButtons.swift in Sources */,
				ED67B8162B35CD99007658FB /* SignInAppleHelper.swift in Sources */,
				ED1553422A9F930800A74DE7 /* dogAppUITestsLaunchTests.swift in Sources */,
			);
			runOnlyForDeploymentPostprocessing = 0;
		};
/* End PBXSourcesBuildPhase section */

/* Begin PBXTargetDependency section */
		ED1553332A9F930800A74DE7 /* PBXTargetDependency */ = {
			isa = PBXTargetDependency;
			target = ED1553202A9F930700A74DE7 /* dogApp */;
			targetProxy = ED1553322A9F930800A74DE7 /* PBXContainerItemProxy */;
		};
		ED15533D2A9F930800A74DE7 /* PBXTargetDependency */ = {
			isa = PBXTargetDependency;
			target = ED1553202A9F930700A74DE7 /* dogApp */;
			targetProxy = ED15533C2A9F930800A74DE7 /* PBXContainerItemProxy */;
		};
/* End PBXTargetDependency section */

/* Begin XCBuildConfiguration section */
		ED1553432A9F930800A74DE7 /* Debug */ = {
			isa = XCBuildConfiguration;
			buildSettings = {
				ALWAYS_SEARCH_USER_PATHS = NO;
				CLANG_ANALYZER_NONNULL = YES;
				CLANG_ANALYZER_NUMBER_OBJECT_CONVERSION = YES_AGGRESSIVE;
				CLANG_CXX_LANGUAGE_STANDARD = "gnu++20";
				CLANG_ENABLE_MODULES = YES;
				CLANG_ENABLE_OBJC_ARC = YES;
				CLANG_ENABLE_OBJC_WEAK = YES;
				CLANG_WARN_BLOCK_CAPTURE_AUTORELEASING = YES;
				CLANG_WARN_BOOL_CONVERSION = YES;
				CLANG_WARN_COMMA = YES;
				CLANG_WARN_CONSTANT_CONVERSION = YES;
				CLANG_WARN_DEPRECATED_OBJC_IMPLEMENTATIONS = YES;
				CLANG_WARN_DIRECT_OBJC_ISA_USAGE = YES_ERROR;
				CLANG_WARN_DOCUMENTATION_COMMENTS = YES;
				CLANG_WARN_EMPTY_BODY = YES;
				CLANG_WARN_ENUM_CONVERSION = YES;
				CLANG_WARN_INFINITE_RECURSION = YES;
				CLANG_WARN_INT_CONVERSION = YES;
				CLANG_WARN_NON_LITERAL_NULL_CONVERSION = YES;
				CLANG_WARN_OBJC_IMPLICIT_RETAIN_SELF = YES;
				CLANG_WARN_OBJC_LITERAL_CONVERSION = YES;
				CLANG_WARN_OBJC_ROOT_CLASS = YES_ERROR;
				CLANG_WARN_QUOTED_INCLUDE_IN_FRAMEWORK_HEADER = YES;
				CLANG_WARN_RANGE_LOOP_ANALYSIS = YES;
				CLANG_WARN_STRICT_PROTOTYPES = YES;
				CLANG_WARN_SUSPICIOUS_MOVE = YES;
				CLANG_WARN_UNGUARDED_AVAILABILITY = YES_AGGRESSIVE;
				CLANG_WARN_UNREACHABLE_CODE = YES;
				CLANG_WARN__DUPLICATE_METHOD_MATCH = YES;
				COPY_PHASE_STRIP = NO;
				DEBUG_INFORMATION_FORMAT = dwarf;
				ENABLE_STRICT_OBJC_MSGSEND = YES;
				ENABLE_TESTABILITY = YES;
				ENABLE_USER_SCRIPT_SANDBOXING = YES;
				GCC_C_LANGUAGE_STANDARD = gnu11;
				GCC_DYNAMIC_NO_PIC = NO;
				GCC_NO_COMMON_BLOCKS = YES;
				GCC_OPTIMIZATION_LEVEL = 0;
				GCC_PREPROCESSOR_DEFINITIONS = (
					"DEBUG=1",
					"$(inherited)",
				);
				GCC_WARN_64_TO_32_BIT_CONVERSION = YES;
				GCC_WARN_ABOUT_RETURN_TYPE = YES_ERROR;
				GCC_WARN_UNDECLARED_SELECTOR = YES;
				GCC_WARN_UNINITIALIZED_AUTOS = YES_AGGRESSIVE;
				GCC_WARN_UNUSED_FUNCTION = YES;
				GCC_WARN_UNUSED_VARIABLE = YES;
				IPHONEOS_DEPLOYMENT_TARGET = 16.4;
				MTL_ENABLE_DEBUG_INFO = INCLUDE_SOURCE;
				MTL_FAST_MATH = YES;
				ONLY_ACTIVE_ARCH = YES;
				SDKROOT = iphoneos;
				SWIFT_ACTIVE_COMPILATION_CONDITIONS = DEBUG;
				SWIFT_OPTIMIZATION_LEVEL = "-Onone";
			};
			name = Debug;
		};
		ED1553442A9F930800A74DE7 /* Release */ = {
			isa = XCBuildConfiguration;
			buildSettings = {
				ALWAYS_SEARCH_USER_PATHS = NO;
				CLANG_ANALYZER_NONNULL = YES;
				CLANG_ANALYZER_NUMBER_OBJECT_CONVERSION = YES_AGGRESSIVE;
				CLANG_CXX_LANGUAGE_STANDARD = "gnu++20";
				CLANG_ENABLE_MODULES = YES;
				CLANG_ENABLE_OBJC_ARC = YES;
				CLANG_ENABLE_OBJC_WEAK = YES;
				CLANG_WARN_BLOCK_CAPTURE_AUTORELEASING = YES;
				CLANG_WARN_BOOL_CONVERSION = YES;
				CLANG_WARN_COMMA = YES;
				CLANG_WARN_CONSTANT_CONVERSION = YES;
				CLANG_WARN_DEPRECATED_OBJC_IMPLEMENTATIONS = YES;
				CLANG_WARN_DIRECT_OBJC_ISA_USAGE = YES_ERROR;
				CLANG_WARN_DOCUMENTATION_COMMENTS = YES;
				CLANG_WARN_EMPTY_BODY = YES;
				CLANG_WARN_ENUM_CONVERSION = YES;
				CLANG_WARN_INFINITE_RECURSION = YES;
				CLANG_WARN_INT_CONVERSION = YES;
				CLANG_WARN_NON_LITERAL_NULL_CONVERSION = YES;
				CLANG_WARN_OBJC_IMPLICIT_RETAIN_SELF = YES;
				CLANG_WARN_OBJC_LITERAL_CONVERSION = YES;
				CLANG_WARN_OBJC_ROOT_CLASS = YES_ERROR;
				CLANG_WARN_QUOTED_INCLUDE_IN_FRAMEWORK_HEADER = YES;
				CLANG_WARN_RANGE_LOOP_ANALYSIS = YES;
				CLANG_WARN_STRICT_PROTOTYPES = YES;
				CLANG_WARN_SUSPICIOUS_MOVE = YES;
				CLANG_WARN_UNGUARDED_AVAILABILITY = YES_AGGRESSIVE;
				CLANG_WARN_UNREACHABLE_CODE = YES;
				CLANG_WARN__DUPLICATE_METHOD_MATCH = YES;
				COPY_PHASE_STRIP = NO;
				DEBUG_INFORMATION_FORMAT = "dwarf-with-dsym";
				ENABLE_NS_ASSERTIONS = NO;
				ENABLE_STRICT_OBJC_MSGSEND = YES;
				ENABLE_USER_SCRIPT_SANDBOXING = YES;
				GCC_C_LANGUAGE_STANDARD = gnu11;
				GCC_NO_COMMON_BLOCKS = YES;
				GCC_WARN_64_TO_32_BIT_CONVERSION = YES;
				GCC_WARN_ABOUT_RETURN_TYPE = YES_ERROR;
				GCC_WARN_UNDECLARED_SELECTOR = YES;
				GCC_WARN_UNINITIALIZED_AUTOS = YES_AGGRESSIVE;
				GCC_WARN_UNUSED_FUNCTION = YES;
				GCC_WARN_UNUSED_VARIABLE = YES;
				IPHONEOS_DEPLOYMENT_TARGET = 16.4;
				MTL_ENABLE_DEBUG_INFO = NO;
				MTL_FAST_MATH = YES;
				SDKROOT = iphoneos;
				SWIFT_COMPILATION_MODE = wholemodule;
				SWIFT_OPTIMIZATION_LEVEL = "-O";
				VALIDATE_PRODUCT = YES;
			};
			name = Release;
		};
		ED1553462A9F930800A74DE7 /* Debug */ = {
			isa = XCBuildConfiguration;
			buildSettings = {
				ASSETCATALOG_COMPILER_APPICON_NAME = AppIcon;
				ASSETCATALOG_COMPILER_GLOBAL_ACCENT_COLOR_NAME = AccentColor;
				CODE_SIGN_ENTITLEMENTS = dogApp/dogApp.entitlements;
				CODE_SIGN_STYLE = Automatic;
				CURRENT_PROJECT_VERSION = 1;
				DEVELOPMENT_ASSET_PATHS = "\"dogApp/Preview Content\"";
				DEVELOPMENT_TEAM = 7CK34SV9P6;
				ENABLE_PREVIEWS = YES;
				GENERATE_INFOPLIST_FILE = YES;
				INFOPLIST_FILE = dogApp/Info.plist;
				INFOPLIST_KEY_CFBundleDisplayName = Tails;
				INFOPLIST_KEY_LSApplicationCategoryType = "public.app-category.education";
				INFOPLIST_KEY_UIApplicationSceneManifest_Generation = YES;
				INFOPLIST_KEY_UIApplicationSupportsIndirectInputEvents = YES;
				INFOPLIST_KEY_UILaunchStoryboardName = "Launch Screen.storyboard";
				INFOPLIST_KEY_UIRequiresFullScreen = YES;
				INFOPLIST_KEY_UISupportedInterfaceOrientations = UIInterfaceOrientationPortrait;
				INFOPLIST_KEY_UIUserInterfaceStyle = Light;
				IPHONEOS_DEPLOYMENT_TARGET = 16.0;
				LD_RUNPATH_SEARCH_PATHS = (
					"$(inherited)",
					"@executable_path/Frameworks",
				);
				MARKETING_VERSION = 1.8.3;
				PRODUCT_BUNDLE_IDENTIFIER = lv.kasper.Tails;
				PRODUCT_NAME = "$(TARGET_NAME)";
				SUPPORTED_PLATFORMS = "iphoneos iphonesimulator";
				SUPPORTS_MACCATALYST = NO;
				SUPPORTS_MAC_DESIGNED_FOR_IPHONE_IPAD = NO;
				SWIFT_EMIT_LOC_STRINGS = YES;
				SWIFT_VERSION = 5.0;
				TARGETED_DEVICE_FAMILY = "1,2";
			};
			name = Debug;
		};
		ED1553472A9F930800A74DE7 /* Release */ = {
			isa = XCBuildConfiguration;
			buildSettings = {
				ASSETCATALOG_COMPILER_APPICON_NAME = AppIcon;
				ASSETCATALOG_COMPILER_GLOBAL_ACCENT_COLOR_NAME = AccentColor;
				CODE_SIGN_ENTITLEMENTS = dogApp/dogApp.entitlements;
				CODE_SIGN_STYLE = Automatic;
				CURRENT_PROJECT_VERSION = 1;
				DEVELOPMENT_ASSET_PATHS = "\"dogApp/Preview Content\"";
				DEVELOPMENT_TEAM = 7CK34SV9P6;
				ENABLE_PREVIEWS = YES;
				GENERATE_INFOPLIST_FILE = YES;
				INFOPLIST_FILE = dogApp/Info.plist;
				INFOPLIST_KEY_CFBundleDisplayName = Tails;
				INFOPLIST_KEY_LSApplicationCategoryType = "public.app-category.education";
				INFOPLIST_KEY_UIApplicationSceneManifest_Generation = YES;
				INFOPLIST_KEY_UIApplicationSupportsIndirectInputEvents = YES;
				INFOPLIST_KEY_UILaunchStoryboardName = "Launch Screen.storyboard";
				INFOPLIST_KEY_UIRequiresFullScreen = YES;
				INFOPLIST_KEY_UISupportedInterfaceOrientations = UIInterfaceOrientationPortrait;
				INFOPLIST_KEY_UIUserInterfaceStyle = Light;
				IPHONEOS_DEPLOYMENT_TARGET = 16.0;
				LD_RUNPATH_SEARCH_PATHS = (
					"$(inherited)",
					"@executable_path/Frameworks",
				);
				MARKETING_VERSION = 1.8.3;
				PRODUCT_BUNDLE_IDENTIFIER = lv.kasper.Tails;
				PRODUCT_NAME = "$(TARGET_NAME)";
				SUPPORTED_PLATFORMS = "iphoneos iphonesimulator";
				SUPPORTS_MACCATALYST = NO;
				SUPPORTS_MAC_DESIGNED_FOR_IPHONE_IPAD = NO;
				SWIFT_EMIT_LOC_STRINGS = YES;
				SWIFT_VERSION = 5.0;
				TARGETED_DEVICE_FAMILY = "1,2";
			};
			name = Release;
		};
		ED1553492A9F930800A74DE7 /* Debug */ = {
			isa = XCBuildConfiguration;
			buildSettings = {
				ALWAYS_EMBED_SWIFT_STANDARD_LIBRARIES = YES;
				BUNDLE_LOADER = "$(TEST_HOST)";
				CODE_SIGN_STYLE = Automatic;
				CURRENT_PROJECT_VERSION = 1;
				DEVELOPMENT_TEAM = FFAY4MCAMH;
				GENERATE_INFOPLIST_FILE = YES;
				IPHONEOS_DEPLOYMENT_TARGET = 16.4;
				MARKETING_VERSION = 1.0;
				PRODUCT_BUNDLE_IDENTIFIER = myapp.dogAppTests;
				PRODUCT_NAME = "$(TARGET_NAME)";
				SWIFT_EMIT_LOC_STRINGS = NO;
				SWIFT_VERSION = 5.0;
				TARGETED_DEVICE_FAMILY = "1,2";
				TEST_HOST = "$(BUILT_PRODUCTS_DIR)/dogApp.app/$(BUNDLE_EXECUTABLE_FOLDER_PATH)/dogApp";
			};
			name = Debug;
		};
		ED15534A2A9F930800A74DE7 /* Release */ = {
			isa = XCBuildConfiguration;
			buildSettings = {
				ALWAYS_EMBED_SWIFT_STANDARD_LIBRARIES = YES;
				BUNDLE_LOADER = "$(TEST_HOST)";
				CODE_SIGN_STYLE = Automatic;
				CURRENT_PROJECT_VERSION = 1;
				DEVELOPMENT_TEAM = FFAY4MCAMH;
				GENERATE_INFOPLIST_FILE = YES;
				IPHONEOS_DEPLOYMENT_TARGET = 16.4;
				MARKETING_VERSION = 1.0;
				PRODUCT_BUNDLE_IDENTIFIER = myapp.dogAppTests;
				PRODUCT_NAME = "$(TARGET_NAME)";
				SWIFT_EMIT_LOC_STRINGS = NO;
				SWIFT_VERSION = 5.0;
				TARGETED_DEVICE_FAMILY = "1,2";
				TEST_HOST = "$(BUILT_PRODUCTS_DIR)/dogApp.app/$(BUNDLE_EXECUTABLE_FOLDER_PATH)/dogApp";
			};
			name = Release;
		};
		ED15534C2A9F930800A74DE7 /* Debug */ = {
			isa = XCBuildConfiguration;
			buildSettings = {
				ALWAYS_EMBED_SWIFT_STANDARD_LIBRARIES = YES;
				CODE_SIGN_STYLE = Automatic;
				CURRENT_PROJECT_VERSION = 1;
				DEVELOPMENT_TEAM = FFAY4MCAMH;
				GENERATE_INFOPLIST_FILE = YES;
				MARKETING_VERSION = 1.0;
				PRODUCT_BUNDLE_IDENTIFIER = myapp.dogAppUITests;
				PRODUCT_NAME = "$(TARGET_NAME)";
				SWIFT_EMIT_LOC_STRINGS = NO;
				SWIFT_VERSION = 5.0;
				TARGETED_DEVICE_FAMILY = "1,2";
				TEST_TARGET_NAME = dogApp;
			};
			name = Debug;
		};
		ED15534D2A9F930800A74DE7 /* Release */ = {
			isa = XCBuildConfiguration;
			buildSettings = {
				ALWAYS_EMBED_SWIFT_STANDARD_LIBRARIES = YES;
				CODE_SIGN_STYLE = Automatic;
				CURRENT_PROJECT_VERSION = 1;
				DEVELOPMENT_TEAM = FFAY4MCAMH;
				GENERATE_INFOPLIST_FILE = YES;
				MARKETING_VERSION = 1.0;
				PRODUCT_BUNDLE_IDENTIFIER = myapp.dogAppUITests;
				PRODUCT_NAME = "$(TARGET_NAME)";
				SWIFT_EMIT_LOC_STRINGS = NO;
				SWIFT_VERSION = 5.0;
				TARGETED_DEVICE_FAMILY = "1,2";
				TEST_TARGET_NAME = dogApp;
			};
			name = Release;
		};
/* End XCBuildConfiguration section */

/* Begin XCConfigurationList section */
		ED15531C2A9F930700A74DE7 /* Build configuration list for PBXProject "dogApp" */ = {
			isa = XCConfigurationList;
			buildConfigurations = (
				ED1553432A9F930800A74DE7 /* Debug */,
				ED1553442A9F930800A74DE7 /* Release */,
			);
			defaultConfigurationIsVisible = 0;
			defaultConfigurationName = Release;
		};
		ED1553452A9F930800A74DE7 /* Build configuration list for PBXNativeTarget "dogApp" */ = {
			isa = XCConfigurationList;
			buildConfigurations = (
				ED1553462A9F930800A74DE7 /* Debug */,
				ED1553472A9F930800A74DE7 /* Release */,
			);
			defaultConfigurationIsVisible = 0;
			defaultConfigurationName = Release;
		};
		ED1553482A9F930800A74DE7 /* Build configuration list for PBXNativeTarget "dogAppTests" */ = {
			isa = XCConfigurationList;
			buildConfigurations = (
				ED1553492A9F930800A74DE7 /* Debug */,
				ED15534A2A9F930800A74DE7 /* Release */,
			);
			defaultConfigurationIsVisible = 0;
			defaultConfigurationName = Release;
		};
		ED15534B2A9F930800A74DE7 /* Build configuration list for PBXNativeTarget "dogAppUITests" */ = {
			isa = XCConfigurationList;
			buildConfigurations = (
				ED15534C2A9F930800A74DE7 /* Debug */,
				ED15534D2A9F930800A74DE7 /* Release */,
			);
			defaultConfigurationIsVisible = 0;
			defaultConfigurationName = Release;
		};
/* End XCConfigurationList section */

/* Begin XCRemoteSwiftPackageReference section */
		ED67B7F12B35C9B4007658FB /* XCRemoteSwiftPackageReference "firebase-ios-sdk" */ = {
			isa = XCRemoteSwiftPackageReference;
			repositoryURL = "https://github.com/firebase/firebase-ios-sdk";
			requirement = {
				kind = upToNextMajorVersion;
				minimumVersion = 10.19.1;
			};
		};
		ED67B81F2B35CEA8007658FB /* XCRemoteSwiftPackageReference "GoogleSignIn-iOS" */ = {
			isa = XCRemoteSwiftPackageReference;
			repositoryURL = "https://github.com/google/GoogleSignIn-iOS.git";
			requirement = {
				kind = upToNextMajorVersion;
				minimumVersion = 7.0.0;
			};
		};
/* End XCRemoteSwiftPackageReference section */

/* Begin XCSwiftPackageProductDependency section */
		ED67B7F22B35C9B4007658FB /* FirebaseAnalytics */ = {
			isa = XCSwiftPackageProductDependency;
			package = ED67B7F12B35C9B4007658FB /* XCRemoteSwiftPackageReference "firebase-ios-sdk" */;
			productName = FirebaseAnalytics;
		};
		ED67B7F42B35C9B4007658FB /* FirebaseAnalyticsOnDeviceConversion */ = {
			isa = XCSwiftPackageProductDependency;
			package = ED67B7F12B35C9B4007658FB /* XCRemoteSwiftPackageReference "firebase-ios-sdk" */;
			productName = FirebaseAnalyticsOnDeviceConversion;
		};
		ED67B7F62B35C9B4007658FB /* FirebaseAnalyticsSwift */ = {
			isa = XCSwiftPackageProductDependency;
			package = ED67B7F12B35C9B4007658FB /* XCRemoteSwiftPackageReference "firebase-ios-sdk" */;
			productName = FirebaseAnalyticsSwift;
		};
		ED67B7F82B35C9B4007658FB /* FirebaseAnalyticsWithoutAdIdSupport */ = {
			isa = XCSwiftPackageProductDependency;
			package = ED67B7F12B35C9B4007658FB /* XCRemoteSwiftPackageReference "firebase-ios-sdk" */;
			productName = FirebaseAnalyticsWithoutAdIdSupport;
		};
		ED67B7FA2B35C9B4007658FB /* FirebaseAuth */ = {
			isa = XCSwiftPackageProductDependency;
			package = ED67B7F12B35C9B4007658FB /* XCRemoteSwiftPackageReference "firebase-ios-sdk" */;
			productName = FirebaseAuth;
		};
		ED67B7FC2B35C9B4007658FB /* FirebaseDatabase */ = {
			isa = XCSwiftPackageProductDependency;
			package = ED67B7F12B35C9B4007658FB /* XCRemoteSwiftPackageReference "firebase-ios-sdk" */;
			productName = FirebaseDatabase;
		};
		ED67B7FE2B35C9B4007658FB /* FirebaseDatabaseSwift */ = {
			isa = XCSwiftPackageProductDependency;
			package = ED67B7F12B35C9B4007658FB /* XCRemoteSwiftPackageReference "firebase-ios-sdk" */;
			productName = FirebaseDatabaseSwift;
		};
		ED67B8002B35C9B4007658FB /* FirebaseFirestore */ = {
			isa = XCSwiftPackageProductDependency;
			package = ED67B7F12B35C9B4007658FB /* XCRemoteSwiftPackageReference "firebase-ios-sdk" */;
			productName = FirebaseFirestore;
		};
		ED67B8022B35C9B4007658FB /* FirebaseFirestoreSwift */ = {
			isa = XCSwiftPackageProductDependency;
			package = ED67B7F12B35C9B4007658FB /* XCRemoteSwiftPackageReference "firebase-ios-sdk" */;
			productName = FirebaseFirestoreSwift;
		};
		ED67B8042B35C9B4007658FB /* FirebaseStorage */ = {
			isa = XCSwiftPackageProductDependency;
			package = ED67B7F12B35C9B4007658FB /* XCRemoteSwiftPackageReference "firebase-ios-sdk" */;
			productName = FirebaseStorage;
		};
		ED67B8202B35CEA8007658FB /* GoogleSignIn */ = {
			isa = XCSwiftPackageProductDependency;
			package = ED67B81F2B35CEA8007658FB /* XCRemoteSwiftPackageReference "GoogleSignIn-iOS" */;
			productName = GoogleSignIn;
		};
		ED67B8222B35CEA8007658FB /* GoogleSignInSwift */ = {
			isa = XCSwiftPackageProductDependency;
			package = ED67B81F2B35CEA8007658FB /* XCRemoteSwiftPackageReference "GoogleSignIn-iOS" */;
			productName = GoogleSignInSwift;
		};
/* End XCSwiftPackageProductDependency section */
	};
	rootObject = ED1553192A9F930700A74DE7 /* Project object */;
}
