// !$*UTF8*$!
{
	archiveVersion = 1;
	classes = {
	};
	objectVersion = 56;
	objects = {

/* Begin PBXBuildFile section */
		ED1553252A9F930700A74DE7 /* dogAppApp.swift in Sources */ = {isa = PBXBuildFile; fileRef = ED1553242A9F930700A74DE7 /* dogAppApp.swift */; };
		ED1553272A9F930700A74DE7 /* ContentView.swift in Sources */ = {isa = PBXBuildFile; fileRef = ED1553262A9F930700A74DE7 /* ContentView.swift */; };
		ED1553292A9F930800A74DE7 /* Assets.xcassets in Resources */ = {isa = PBXBuildFile; fileRef = ED1553282A9F930800A74DE7 /* Assets.xcassets */; };
		ED15532C2A9F930800A74DE7 /* Preview Assets.xcassets in Resources */ = {isa = PBXBuildFile; fileRef = ED15532B2A9F930800A74DE7 /* Preview Assets.xcassets */; };
		ED1553362A9F930800A74DE7 /* dogAppTests.swift in Sources */ = {isa = PBXBuildFile; fileRef = ED1553352A9F930800A74DE7 /* dogAppTests.swift */; };
		ED1553402A9F930800A74DE7 /* dogAppUITests.swift in Sources */ = {isa = PBXBuildFile; fileRef = ED15533F2A9F930800A74DE7 /* dogAppUITests.swift */; };
		ED1553422A9F930800A74DE7 /* dogAppUITestsLaunchTests.swift in Sources */ = {isa = PBXBuildFile; fileRef = ED1553412A9F930800A74DE7 /* dogAppUITestsLaunchTests.swift */; };
/* End PBXBuildFile section */

/* Begin PBXContainerItemProxy section */
		ED1553322A9F930800A74DE7 /* PBXContainerItemProxy */ = {
			isa = PBXContainerItemProxy;
			containerPortal = ED1553192A9F930700A74DE7 /* Project object */;
			proxyType = 1;
			remoteGlobalIDString = ED1553202A9F930700A74DE7;
			remoteInfo = dogApp;
		};
		ED15533C2A9F930800A74DE7 /* PBXContainerItemProxy */ = {
			isa = PBXContainerItemProxy;
			containerPortal = ED1553192A9F930700A74DE7 /* Project object */;
			proxyType = 1;
			remoteGlobalIDString = ED1553202A9F930700A74DE7;
			remoteInfo = dogApp;
		};
/* End PBXContainerItemProxy section */

/* Begin PBXFileReference section */
		ED1553212A9F930700A74DE7 /* dogApp.app */ = {isa = PBXFileReference; explicitFileType = wrapper.application; includeInIndex = 0; path = dogApp.app; sourceTree = BUILT_PRODUCTS_DIR; };
		ED1553242A9F930700A74DE7 /* dogAppApp.swift */ = {isa = PBXFileReference; lastKnownFileType = sourcecode.swift; path = dogAppApp.swift; sourceTree = "<group>"; };
		ED1553262A9F930700A74DE7 /* ContentView.swift */ = {isa = PBXFileReference; lastKnownFileType = sourcecode.swift; path = ContentView.swift; sourceTree = "<group>"; };
		ED1553282A9F930800A74DE7 /* Assets.xcassets */ = {isa = PBXFileReference; lastKnownFileType = folder.assetcatalog; path = Assets.xcassets; sourceTree = "<group>"; };
		ED15532B2A9F930800A74DE7 /* Preview Assets.xcassets */ = {isa = PBXFileReference; lastKnownFileType = folder.assetcatalog; path = "Preview Assets.xcassets"; sourceTree = "<group>"; };
		ED1553312A9F930800A74DE7 /* dogAppTests.xctest */ = {isa = PBXFileReference; explicitFileType = wrapper.cfbundle; includeInIndex = 0; path = dogAppTests.xctest; sourceTree = BUILT_PRODUCTS_DIR; };
		ED1553352A9F930800A74DE7 /* dogAppTests.swift */ = {isa = PBXFileReference; lastKnownFileType = sourcecode.swift; path = dogAppTests.swift; sourceTree = "<group>"; };
		ED15533B2A9F930800A74DE7 /* dogAppUITests.xctest */ = {isa = PBXFileReference; explicitFileType = wrapper.cfbundle; includeInIndex = 0; path = dogAppUITests.xctest; sourceTree = BUILT_PRODUCTS_DIR; };
		ED15533F2A9F930800A74DE7 /* dogAppUITests.swift */ = {isa = PBXFileReference; lastKnownFileType = sourcecode.swift; path = dogAppUITests.swift; sourceTree = "<group>"; };
		ED1553412A9F930800A74DE7 /* dogAppUITestsLaunchTests.swift */ = {isa = PBXFileReference; lastKnownFileType = sourcecode.swift; path = dogAppUITestsLaunchTests.swift; sourceTree = "<group>"; };
/* End PBXFileReference section */

/* Begin PBXFrameworksBuildPhase section */
		ED15531E2A9F930700A74DE7 /* Frameworks */ = {
			isa = PBXFrameworksBuildPhase;
			buildActionMask = 2147483647;
			files = (
			);
			runOnlyForDeploymentPostprocessing = 0;
		};
		ED15532E2A9F930800A74DE7 /* Frameworks */ = {
			isa = PBXFrameworksBuildPhase;
			buildActionMask = 2147483647;
			files = (
			);
			runOnlyForDeploymentPostprocessing = 0;
		};
		ED1553382A9F930800A74DE7 /* Frameworks */ = {
			isa = PBXFrameworksBuildPhase;
			buildActionMask = 2147483647;
			files = (
			);
			runOnlyForDeploymentPostprocessing = 0;
		};
/* End PBXFrameworksBuildPhase section */

/* Begin PBXGroup section */
		ED1553182A9F930700A74DE7 = {
			isa = PBXGroup;
			children = (
				ED1553232A9F930700A74DE7 /* dogApp */,
				ED1553342A9F930800A74DE7 /* dogAppTests */,
				ED15533E2A9F930800A74DE7 /* dogAppUITests */,
				ED1553222A9F930700A74DE7 /* Products */,
			);
			sourceTree = "<group>";
		};
		ED1553222A9F930700A74DE7 /* Products */ = {
			isa = PBXGroup;
			children = (
				ED1553212A9F930700A74DE7 /* dogApp.app */,
				ED1553312A9F930800A74DE7 /* dogAppTests.xctest */,
				ED15533B2A9F930800A74DE7 /* dogAppUITests.xctest */,
			);
			name = Products;
			sourceTree = "<group>";
		};
		ED1553232A9F930700A74DE7 /* dogApp */ = {
			isa = PBXGroup;
			children = (
				ED1553242A9F930700A74DE7 /* dogAppApp.swift */,
				ED1553262A9F930700A74DE7 /* ContentView.swift */,
				ED1553282A9F930800A74DE7 /* Assets.xcassets */,
				ED15532A2A9F930800A74DE7 /* Preview Content */,
			);
			path = dogApp;
			sourceTree = "<group>";
		};
		ED15532A2A9F930800A74DE7 /* Preview Content */ = {
			isa = PBXGroup;
			children = (
				ED15532B2A9F930800A74DE7 /* Preview Assets.xcassets */,
			);
			path = "Preview Content";
			sourceTree = "<group>";
		};
		ED1553342A9F930800A74DE7 /* dogAppTests */ = {
			isa = PBXGroup;
			children = (
				ED1553352A9F930800A74DE7 /* dogAppTests.swift */,
			);
			path = dogAppTests;
			sourceTree = "<group>";
		};
		ED15533E2A9F930800A74DE7 /* dogAppUITests */ = {
			isa = PBXGroup;
			children = (
				ED15533F2A9F930800A74DE7 /* dogAppUITests.swift */,
				ED1553412A9F930800A74DE7 /* dogAppUITestsLaunchTests.swift */,
			);
			path = dogAppUITests;
			sourceTree = "<group>";
		};
/* End PBXGroup section */

/* Begin PBXNativeTarget section */
		ED1553202A9F930700A74DE7 /* dogApp */ = {
			isa = PBXNativeTarget;
			buildConfigurationList = ED1553452A9F930800A74DE7 /* Build configuration list for PBXNativeTarget "dogApp" */;
			buildPhases = (
				ED15531D2A9F930700A74DE7 /* Sources */,
				ED15531E2A9F930700A74DE7 /* Frameworks */,
				ED15531F2A9F930700A74DE7 /* Resources */,
			);
			buildRules = (
			);
			dependencies = (
			);
			name = dogApp;
			productName = dogApp;
			productReference = ED1553212A9F930700A74DE7 /* dogApp.app */;
			productType = "com.apple.product-type.application";
		};
		ED1553302A9F930800A74DE7 /* dogAppTests */ = {
			isa = PBXNativeTarget;
			buildConfigurationList = ED1553482A9F930800A74DE7 /* Build configuration list for PBXNativeTarget "dogAppTests" */;
			buildPhases = (
				ED15532D2A9F930800A74DE7 /* Sources */,
				ED15532E2A9F930800A74DE7 /* Frameworks */,
				ED15532F2A9F930800A74DE7 /* Resources */,
			);
			buildRules = (
			);
			dependencies = (
				ED1553332A9F930800A74DE7 /* PBXTargetDependency */,
			);
			name = dogAppTests;
			productName = dogAppTests;
			productReference = ED1553312A9F930800A74DE7 /* dogAppTests.xctest */;
			productType = "com.apple.product-type.bundle.unit-test";
		};
		ED15533A2A9F930800A74DE7 /* dogAppUITests */ = {
			isa = PBXNativeTarget;
			buildConfigurationList = ED15534B2A9F930800A74DE7 /* Build configuration list for PBXNativeTarget "dogAppUITests" */;
			buildPhases = (
				ED1553372A9F930800A74DE7 /* Sources */,
				ED1553382A9F930800A74DE7 /* Frameworks */,
				ED1553392A9F930800A74DE7 /* Resources */,
			);
			buildRules = (
			);
			dependencies = (
				ED15533D2A9F930800A74DE7 /* PBXTargetDependency */,
			);
			name = dogAppUITests;
			productName = dogAppUITests;
			productReference = ED15533B2A9F930800A74DE7 /* dogAppUITests.xctest */;
			productType = "com.apple.product-type.bundle.ui-testing";
		};
/* End PBXNativeTarget section */

/* Begin PBXProject section */
		ED1553192A9F930700A74DE7 /* Project object */ = {
			isa = PBXProject;
			attributes = {
				BuildIndependentTargetsInParallel = 1;
				LastSwiftUpdateCheck = 1430;
				LastUpgradeCheck = 1430;
				TargetAttributes = {
					ED1553202A9F930700A74DE7 = {
						CreatedOnToolsVersion = 14.3.1;
					};
					ED1553302A9F930800A74DE7 = {
						CreatedOnToolsVersion = 14.3.1;
						TestTargetID = ED1553202A9F930700A74DE7;
					};
					ED15533A2A9F930800A74DE7 = {
						CreatedOnToolsVersion = 14.3.1;
						TestTargetID = ED1553202A9F930700A74DE7;
					};
				};
			};
			buildConfigurationList = ED15531C2A9F930700A74DE7 /* Build configuration list for PBXProject "dogApp" */;
			compatibilityVersion = "Xcode 14.0";
			developmentRegion = en;
			hasScannedForEncodings = 0;
			knownRegions = (
				en,
				Base,
			);
			mainGroup = ED1553182A9F930700A74DE7;
			productRefGroup = ED1553222A9F930700A74DE7 /* Products */;
			projectDirPath = "";
			projectRoot = "";
			targets = (
				ED1553202A9F930700A74DE7 /* dogApp */,
				ED1553302A9F930800A74DE7 /* dogAppTests */,
				ED15533A2A9F930800A74DE7 /* dogAppUITests */,
			);
		};
/* End PBXProject section */

/* Begin PBXResourcesBuildPhase section */
		ED15531F2A9F930700A74DE7 /* Resources */ = {
			isa = PBXResourcesBuildPhase;
			buildActionMask = 2147483647;
			files = (
				ED15532C2A9F930800A74DE7 /* Preview Assets.xcassets in Resources */,
				ED1553292A9F930800A74DE7 /* Assets.xcassets in Resources */,
			);
			runOnlyForDeploymentPostprocessing = 0;
		};
		ED15532F2A9F930800A74DE7 /* Resources */ = {
			isa = PBXResourcesBuildPhase;
			buildActionMask = 2147483647;
			files = (
			);
			runOnlyForDeploymentPostprocessing = 0;
		};
		ED1553392A9F930800A74DE7 /* Resources */ = {
			isa = PBXResourcesBuildPhase;
			buildActionMask = 2147483647;
			files = (
			);
			runOnlyForDeploymentPostprocessing = 0;
		};
/* End PBXResourcesBuildPhase section */

/* Begin PBXSourcesBuildPhase section */
		ED15531D2A9F930700A74DE7 /* Sources */ = {
			isa = PBXSourcesBuildPhase;
			buildActionMask = 2147483647;
			files = (
				ED1553272A9F930700A74DE7 /* ContentView.swift in Sources */,
				ED1553252A9F930700A74DE7 /* dogAppApp.swift in Sources */,
			);
			runOnlyForDeploymentPostprocessing = 0;
		};
		ED15532D2A9F930800A74DE7 /* Sources */ = {
			isa = PBXSourcesBuildPhase;
			buildActionMask = 2147483647;
			files = (
				ED1553362A9F930800A74DE7 /* dogAppTests.swift in Sources */,
			);
			runOnlyForDeploymentPostprocessing = 0;
		};
		ED1553372A9F930800A74DE7 /* Sources */ = {
			isa = PBXSourcesBuildPhase;
			buildActionMask = 2147483647;
			files = (
				ED1553402A9F930800A74DE7 /* dogAppUITests.swift in Sources */,
				ED1553422A9F930800A74DE7 /* dogAppUITestsLaunchTests.swift in Sources */,
			);
			runOnlyForDeploymentPostprocessing = 0;
		};
/* End PBXSourcesBuildPhase section */

/* Begin PBXTargetDependency section */
		ED1553332A9F930800A74DE7 /* PBXTargetDependency */ = {
			isa = PBXTargetDependency;
			target = ED1553202A9F930700A74DE7 /* dogApp */;
			targetProxy = ED1553322A9F930800A74DE7 /* PBXContainerItemProxy */;
		};
		ED15533D2A9F930800A74DE7 /* PBXTargetDependency */ = {
			isa = PBXTargetDependency;
			target = ED1553202A9F930700A74DE7 /* dogApp */;
			targetProxy = ED15533C2A9F930800A74DE7 /* PBXContainerItemProxy */;
		};
/* End PBXTargetDependency section */

/* Begin XCBuildConfiguration section */
		ED1553432A9F930800A74DE7 /* Debug */ = {
			isa = XCBuildConfiguration;
			buildSettings = {
				ALWAYS_SEARCH_USER_PATHS = NO;
				CLANG_ANALYZER_NONNULL = YES;
				CLANG_ANALYZER_NUMBER_OBJECT_CONVERSION = YES_AGGRESSIVE;
				CLANG_CXX_LANGUAGE_STANDARD = "gnu++20";
				CLANG_ENABLE_MODULES = YES;
				CLANG_ENABLE_OBJC_ARC = YES;
				CLANG_ENABLE_OBJC_WEAK = YES;
				CLANG_WARN_BLOCK_CAPTURE_AUTORELEASING = YES;
				CLANG_WARN_BOOL_CONVERSION = YES;
				CLANG_WARN_COMMA = YES;
				CLANG_WARN_CONSTANT_CONVERSION = YES;
				CLANG_WARN_DEPRECATED_OBJC_IMPLEMENTATIONS = YES;
				CLANG_WARN_DIRECT_OBJC_ISA_USAGE = YES_ERROR;
				CLANG_WARN_DOCUMENTATION_COMMENTS = YES;
				CLANG_WARN_EMPTY_BODY = YES;
				CLANG_WARN_ENUM_CONVERSION = YES;
				CLANG_WARN_INFINITE_RECURSION = YES;
				CLANG_WARN_INT_CONVERSION = YES;
				CLANG_WARN_NON_LITERAL_NULL_CONVERSION = YES;
				CLANG_WARN_OBJC_IMPLICIT_RETAIN_SELF = YES;
				CLANG_WARN_OBJC_LITERAL_CONVERSION = YES;
				CLANG_WARN_OBJC_ROOT_CLASS = YES_ERROR;
				CLANG_WARN_QUOTED_INCLUDE_IN_FRAMEWORK_HEADER = YES;
				CLANG_WARN_RANGE_LOOP_ANALYSIS = YES;
				CLANG_WARN_STRICT_PROTOTYPES = YES;
				CLANG_WARN_SUSPICIOUS_MOVE = YES;
				CLANG_WARN_UNGUARDED_AVAILABILITY = YES_AGGRESSIVE;
				CLANG_WARN_UNREACHABLE_CODE = YES;
				CLANG_WARN__DUPLICATE_METHOD_MATCH = YES;
				COPY_PHASE_STRIP = NO;
				DEBUG_INFORMATION_FORMAT = dwarf;
				ENABLE_STRICT_OBJC_MSGSEND = YES;
				ENABLE_TESTABILITY = YES;
				GCC_C_LANGUAGE_STANDARD = gnu11;
				GCC_DYNAMIC_NO_PIC = NO;
				GCC_NO_COMMON_BLOCKS = YES;
				GCC_OPTIMIZATION_LEVEL = 0;
				GCC_PREPROCESSOR_DEFINITIONS = (
					"DEBUG=1",
					"$(inherited)",
				);
				GCC_WARN_64_TO_32_BIT_CONVERSION = YES;
				GCC_WARN_ABOUT_RETURN_TYPE = YES_ERROR;
				GCC_WARN_UNDECLARED_SELECTOR = YES;
				GCC_WARN_UNINITIALIZED_AUTOS = YES_AGGRESSIVE;
				GCC_WARN_UNUSED_FUNCTION = YES;
				GCC_WARN_UNUSED_VARIABLE = YES;
				IPHONEOS_DEPLOYMENT_TARGET = 16.4;
				MTL_ENABLE_DEBUG_INFO = INCLUDE_SOURCE;
				MTL_FAST_MATH = YES;
				ONLY_ACTIVE_ARCH = YES;
				SDKROOT = iphoneos;
				SWIFT_ACTIVE_COMPILATION_CONDITIONS = DEBUG;
				SWIFT_OPTIMIZATION_LEVEL = "-Onone";
			};
			name = Debug;
		};
		ED1553442A9F930800A74DE7 /* Release */ = {
			isa = XCBuildConfiguration;
			buildSettings = {
				ALWAYS_SEARCH_USER_PATHS = NO;
				CLANG_ANALYZER_NONNULL = YES;
				CLANG_ANALYZER_NUMBER_OBJECT_CONVERSION = YES_AGGRESSIVE;
				CLANG_CXX_LANGUAGE_STANDARD = "gnu++20";
				CLANG_ENABLE_MODULES = YES;
				CLANG_ENABLE_OBJC_ARC = YES;
				CLANG_ENABLE_OBJC_WEAK = YES;
				CLANG_WARN_BLOCK_CAPTURE_AUTORELEASING = YES;
				CLANG_WARN_BOOL_CONVERSION = YES;
				CLANG_WARN_COMMA = YES;
				CLANG_WARN_CONSTANT_CONVERSION = YES;
				CLANG_WARN_DEPRECATED_OBJC_IMPLEMENTATIONS = YES;
				CLANG_WARN_DIRECT_OBJC_ISA_USAGE = YES_ERROR;
				CLANG_WARN_DOCUMENTATION_COMMENTS = YES;
				CLANG_WARN_EMPTY_BODY = YES;
				CLANG_WARN_ENUM_CONVERSION = YES;
				CLANG_WARN_INFINITE_RECURSION = YES;
				CLANG_WARN_INT_CONVERSION = YES;
				CLANG_WARN_NON_LITERAL_NULL_CONVERSION = YES;
				CLANG_WARN_OBJC_IMPLICIT_RETAIN_SELF = YES;
				CLANG_WARN_OBJC_LITERAL_CONVERSION = YES;
				CLANG_WARN_OBJC_ROOT_CLASS = YES_ERROR;
				CLANG_WARN_QUOTED_INCLUDE_IN_FRAMEWORK_HEADER = YES;
				CLANG_WARN_RANGE_LOOP_ANALYSIS = YES;
				CLANG_WARN_STRICT_PROTOTYPES = YES;
				CLANG_WARN_SUSPICIOUS_MOVE = YES;
				CLANG_WARN_UNGUARDED_AVAILABILITY = YES_AGGRESSIVE;
				CLANG_WARN_UNREACHABLE_CODE = YES;
				CLANG_WARN__DUPLICATE_METHOD_MATCH = YES;
				COPY_PHASE_STRIP = NO;
				DEBUG_INFORMATION_FORMAT = "dwarf-with-dsym";
				ENABLE_NS_ASSERTIONS = NO;
				ENABLE_STRICT_OBJC_MSGSEND = YES;
				GCC_C_LANGUAGE_STANDARD = gnu11;
				GCC_NO_COMMON_BLOCKS = YES;
				GCC_WARN_64_TO_32_BIT_CONVERSION = YES;
				GCC_WARN_ABOUT_RETURN_TYPE = YES_ERROR;
				GCC_WARN_UNDECLARED_SELECTOR = YES;
				GCC_WARN_UNINITIALIZED_AUTOS = YES_AGGRESSIVE;
				GCC_WARN_UNUSED_FUNCTION = YES;
				GCC_WARN_UNUSED_VARIABLE = YES;
				IPHONEOS_DEPLOYMENT_TARGET = 16.4;
				MTL_ENABLE_DEBUG_INFO = NO;
				MTL_FAST_MATH = YES;
				SDKROOT = iphoneos;
				SWIFT_COMPILATION_MODE = wholemodule;
				SWIFT_OPTIMIZATION_LEVEL = "-O";
				VALIDATE_PRODUCT = YES;
			};
			name = Release;
		};
		ED1553462A9F930800A74DE7 /* Debug */ = {
			isa = XCBuildConfiguration;
			buildSettings = {
				ASSETCATALOG_COMPILER_APPICON_NAME = AppIcon;
				ASSETCATALOG_COMPILER_GLOBAL_ACCENT_COLOR_NAME = AccentColor;
				CODE_SIGN_STYLE = Automatic;
				CURRENT_PROJECT_VERSION = 1;
				DEVELOPMENT_ASSET_PATHS = "\"dogApp/Preview Content\"";
				DEVELOPMENT_TEAM = FFAY4MCAMH;
				ENABLE_PREVIEWS = YES;
				GENERATE_INFOPLIST_FILE = YES;
				INFOPLIST_KEY_UIApplicationSceneManifest_Generation = YES;
				INFOPLIST_KEY_UIApplicationSupportsIndirectInputEvents = YES;
				INFOPLIST_KEY_UILaunchScreen_Generation = YES;
				INFOPLIST_KEY_UISupportedInterfaceOrientations_iPad = "UIInterfaceOrientationPortrait UIInterfaceOrientationPortraitUpsideDown UIInterfaceOrientationLandscapeLeft UIInterfaceOrientationLandscapeRight";
				INFOPLIST_KEY_UISupportedInterfaceOrientations_iPhone = "UIInterfaceOrientationPortrait UIInterfaceOrientationLandscapeLeft UIInterfaceOrientationLandscapeRight";
				LD_RUNPATH_SEARCH_PATHS = (
					"$(inherited)",
					"@executable_path/Frameworks",
				);
				MARKETING_VERSION = 1.0;
				PRODUCT_BUNDLE_IDENTIFIER = myapp.dogApp;
				PRODUCT_NAME = "$(TARGET_NAME)";
				SWIFT_EMIT_LOC_STRINGS = YES;
				SWIFT_VERSION = 5.0;
				TARGETED_DEVICE_FAMILY = "1,2";
			};
			name = Debug;
		};
		ED1553472A9F930800A74DE7 /* Release */ = {
			isa = XCBuildConfiguration;
			buildSettings = {
				ASSETCATALOG_COMPILER_APPICON_NAME = AppIcon;
				ASSETCATALOG_COMPILER_GLOBAL_ACCENT_COLOR_NAME = AccentColor;
				CODE_SIGN_STYLE = Automatic;
				CURRENT_PROJECT_VERSION = 1;
				DEVELOPMENT_ASSET_PATHS = "\"dogApp/Preview Content\"";
				DEVELOPMENT_TEAM = FFAY4MCAMH;
				ENABLE_PREVIEWS = YES;
				GENERATE_INFOPLIST_FILE = YES;
				INFOPLIST_KEY_UIApplicationSceneManifest_Generation = YES;
				INFOPLIST_KEY_UIApplicationSupportsIndirectInputEvents = YES;
				INFOPLIST_KEY_UILaunchScreen_Generation = YES;
				INFOPLIST_KEY_UISupportedInterfaceOrientations_iPad = "UIInterfaceOrientationPortrait UIInterfaceOrientationPortraitUpsideDown UIInterfaceOrientationLandscapeLeft UIInterfaceOrientationLandscapeRight";
				INFOPLIST_KEY_UISupportedInterfaceOrientations_iPhone = "UIInterfaceOrientationPortrait UIInterfaceOrientationLandscapeLeft UIInterfaceOrientationLandscapeRight";
				LD_RUNPATH_SEARCH_PATHS = (
					"$(inherited)",
					"@executable_path/Frameworks",
				);
				MARKETING_VERSION = 1.0;
				PRODUCT_BUNDLE_IDENTIFIER = myapp.dogApp;
				PRODUCT_NAME = "$(TARGET_NAME)";
				SWIFT_EMIT_LOC_STRINGS = YES;
				SWIFT_VERSION = 5.0;
				TARGETED_DEVICE_FAMILY = "1,2";
			};
			name = Release;
		};
		ED1553492A9F930800A74DE7 /* Debug */ = {
			isa = XCBuildConfiguration;
			buildSettings = {
				ALWAYS_EMBED_SWIFT_STANDARD_LIBRARIES = YES;
				BUNDLE_LOADER = "$(TEST_HOST)";
				CODE_SIGN_STYLE = Automatic;
				CURRENT_PROJECT_VERSION = 1;
				DEVELOPMENT_TEAM = FFAY4MCAMH;
				GENERATE_INFOPLIST_FILE = YES;
				IPHONEOS_DEPLOYMENT_TARGET = 16.4;
				MARKETING_VERSION = 1.0;
				PRODUCT_BUNDLE_IDENTIFIER = myapp.dogAppTests;
				PRODUCT_NAME = "$(TARGET_NAME)";
				SWIFT_EMIT_LOC_STRINGS = NO;
				SWIFT_VERSION = 5.0;
				TARGETED_DEVICE_FAMILY = "1,2";
				TEST_HOST = "$(BUILT_PRODUCTS_DIR)/dogApp.app/$(BUNDLE_EXECUTABLE_FOLDER_PATH)/dogApp";
			};
			name = Debug;
		};
		ED15534A2A9F930800A74DE7 /* Release */ = {
			isa = XCBuildConfiguration;
			buildSettings = {
				ALWAYS_EMBED_SWIFT_STANDARD_LIBRARIES = YES;
				BUNDLE_LOADER = "$(TEST_HOST)";
				CODE_SIGN_STYLE = Automatic;
				CURRENT_PROJECT_VERSION = 1;
				DEVELOPMENT_TEAM = FFAY4MCAMH;
				GENERATE_INFOPLIST_FILE = YES;
				IPHONEOS_DEPLOYMENT_TARGET = 16.4;
				MARKETING_VERSION = 1.0;
				PRODUCT_BUNDLE_IDENTIFIER = myapp.dogAppTests;
				PRODUCT_NAME = "$(TARGET_NAME)";
				SWIFT_EMIT_LOC_STRINGS = NO;
				SWIFT_VERSION = 5.0;
				TARGETED_DEVICE_FAMILY = "1,2";
				TEST_HOST = "$(BUILT_PRODUCTS_DIR)/dogApp.app/$(BUNDLE_EXECUTABLE_FOLDER_PATH)/dogApp";
			};
			name = Release;
		};
		ED15534C2A9F930800A74DE7 /* Debug */ = {
			isa = XCBuildConfiguration;
			buildSettings = {
				ALWAYS_EMBED_SWIFT_STANDARD_LIBRARIES = YES;
				CODE_SIGN_STYLE = Automatic;
				CURRENT_PROJECT_VERSION = 1;
				DEVELOPMENT_TEAM = FFAY4MCAMH;
				GENERATE_INFOPLIST_FILE = YES;
				MARKETING_VERSION = 1.0;
				PRODUCT_BUNDLE_IDENTIFIER = myapp.dogAppUITests;
				PRODUCT_NAME = "$(TARGET_NAME)";
				SWIFT_EMIT_LOC_STRINGS = NO;
				SWIFT_VERSION = 5.0;
				TARGETED_DEVICE_FAMILY = "1,2";
				TEST_TARGET_NAME = dogApp;
			};
			name = Debug;
		};
		ED15534D2A9F930800A74DE7 /* Release */ = {
			isa = XCBuildConfiguration;
			buildSettings = {
				ALWAYS_EMBED_SWIFT_STANDARD_LIBRARIES = YES;
				CODE_SIGN_STYLE = Automatic;
				CURRENT_PROJECT_VERSION = 1;
				DEVELOPMENT_TEAM = FFAY4MCAMH;
				GENERATE_INFOPLIST_FILE = YES;
				MARKETING_VERSION = 1.0;
				PRODUCT_BUNDLE_IDENTIFIER = myapp.dogAppUITests;
				PRODUCT_NAME = "$(TARGET_NAME)";
				SWIFT_EMIT_LOC_STRINGS = NO;
				SWIFT_VERSION = 5.0;
				TARGETED_DEVICE_FAMILY = "1,2";
				TEST_TARGET_NAME = dogApp;
			};
			name = Release;
		};
/* End XCBuildConfiguration section */

/* Begin XCConfigurationList section */
		ED15531C2A9F930700A74DE7 /* Build configuration list for PBXProject "dogApp" */ = {
			isa = XCConfigurationList;
			buildConfigurations = (
				ED1553432A9F930800A74DE7 /* Debug */,
				ED1553442A9F930800A74DE7 /* Release */,
			);
			defaultConfigurationIsVisible = 0;
			defaultConfigurationName = Release;
		};
		ED1553452A9F930800A74DE7 /* Build configuration list for PBXNativeTarget "dogApp" */ = {
			isa = XCConfigurationList;
			buildConfigurations = (
				ED1553462A9F930800A74DE7 /* Debug */,
				ED1553472A9F930800A74DE7 /* Release */,
			);
			defaultConfigurationIsVisible = 0;
			defaultConfigurationName = Release;
		};
		ED1553482A9F930800A74DE7 /* Build configuration list for PBXNativeTarget "dogAppTests" */ = {
			isa = XCConfigurationList;
			buildConfigurations = (
				ED1553492A9F930800A74DE7 /* Debug */,
				ED15534A2A9F930800A74DE7 /* Release */,
			);
			defaultConfigurationIsVisible = 0;
			defaultConfigurationName = Release;
		};
		ED15534B2A9F930800A74DE7 /* Build configuration list for PBXNativeTarget "dogAppUITests" */ = {
			isa = XCConfigurationList;
			buildConfigurations = (
				ED15534C2A9F930800A74DE7 /* Debug */,
				ED15534D2A9F930800A74DE7 /* Release */,
			);
			defaultConfigurationIsVisible = 0;
			defaultConfigurationName = Release;
		};
/* End XCConfigurationList section */
	};
	rootObject = ED1553192A9F930700A74DE7 /* Project object */;
}
